
Microsoft Visual Studio Solution File, Format Version 12.00
# Visual Studio Version 17
VisualStudioVersion = 17.14.36623.8 d17.14
MinimumVisualStudioVersion = 10.0.40219.1
Project("{FAE04EC0-301F-11D3-BF4B-00C04F79EFBC}") = "PresentationLayer", "PresentationLayer\PresentationLayer.csproj", "{2B79C2B5-28E4-46C5-9608-5C42F7BE316D}"
EndProject
Project("{FAE04EC0-301F-11D3-BF4B-00C04F79EFBC}") = "BusinessLayer", "BusinessLayer\BusinessLayer.csproj", "{C095135B-E536-4BA4-A8FD-2D5C5C3CBB02}"
EndProject
Project("{FAE04EC0-301F-11D3-BF4B-00C04F79EFBC}") = "DataAccessLayer", "DataAccessLayer\DataAccessLayer.csproj", "{EAE5945B-C9EE-42DC-BF98-03A742637BDA}"
EndProject
Global
	GlobalSection(SolutionConfigurationPlatforms) = preSolution
		Debug|Any CPU = Debug|Any CPU
		Release|Any CPU = Release|Any CPU
	EndGlobalSection
	GlobalSection(ProjectConfigurationPlatforms) = postSolution
		{2B79C2B5-28E4-46C5-9608-5C42F7BE316D}.Debug|Any CPU.ActiveCfg = Debug|Any CPU
		{2B79C2B5-28E4-46C5-9608-5C42F7BE316D}.Debug|Any CPU.Build.0 = Debug|Any CPU
		{2B79C2B5-28E4-46C5-9608-5C42F7BE316D}.Release|Any CPU.ActiveCfg = Release|Any CPU
		{2B79C2B5-28E4-46C5-9608-5C42F7BE316D}.Release|Any CPU.Build.0 = Release|Any CPU
		{C095135B-E536-4BA4-A8FD-2D5C5C3CBB02}.Debug|Any CPU.ActiveCfg = Debug|Any CPU
		{C095135B-E536-4BA4-A8FD-2D5C5C3CBB02}.Debug|Any CPU.Build.0 = Debug|Any CPU
		{C095135B-E536-4BA4-A8FD-2D5C5C3CBB02}.Release|Any CPU.ActiveCfg = Release|Any CPU
		{C095135B-E536-4BA4-A8FD-2D5C5C3CBB02}.Release|Any CPU.Build.0 = Release|Any CPU
		{EAE5945B-C9EE-42DC-BF98-03A742637BDA}.Debug|Any CPU.ActiveCfg = Debug|Any CPU
		{EAE5945B-C9EE-42DC-BF98-03A742637BDA}.Debug|Any CPU.Build.0 = Debug|Any CPU
		{EAE5945B-C9EE-42DC-BF98-03A742637BDA}.Release|Any CPU.ActiveCfg = Release|Any CPU
		{EAE5945B-C9EE-42DC-BF98-03A742637BDA}.Release|Any CPU.Build.0 = Release|Any CPU
	EndGlobalSection
	GlobalSection(SolutionProperties) = preSolution
		HideSolutionNode = FALSE
	EndGlobalSection
	GlobalSection(ExtensibilityGlobals) = postSolution
		SolutionGuid = {242217A8-EA60-4CBB-9127-CD005F058C16}
	EndGlobalSection
EndGlobal
