<Solution>
  <Project Path="01 - Send Data Between Forms/01 - Send Data Between Forms.csproj" Id="3aec8166-74fa-47cd-92ca-10c6b2dffd58" />
  <Project Path="02 - Delegates/02 - Delegates.csproj" Id="02ae030f-f86c-401e-a345-fd76618374c6" />
  <Project Path="03_01 - Simple Event With Parameters Using Arguments/03_01 - Simple Event With Parameters Using Arguments.csproj" Id="02570e08-fd61-426a-b036-ed73ed3e9747" />
  <Project Path="03_02 - Events Practice &amp; Examples/03_02 - Events Practice &amp; Examples.csproj" Id="e894b055-5f71-4e95-982e-29f225be29be" />
  <Project Path="04 - More About Delegates/04 - More About Delegates.csproj" Id="54c5db63-037b-420c-8b54-909838f9513d" />
  <Project Path="05 - Lambda Expression/05 - Lambda Expression.csproj" Id="b4c702df-15ef-4352-8c1a-305f6103f189" />
  <Project Path="06 - using Statement in C#/06 - using Statement in C#.csproj" Id="741353ea-7c06-4a01-b1a9-2fdf65eaa13b" />
  <Project Path="07 - Nullable Datatypes/07 - Nullable Datatypes.csproj" Id="60206c81-ee67-47f6-a34f-92720fbfc6be" />
  <Project Path="08 - Serialization/08 - Serialization.csproj" Id="8bb71549-096c-4eef-bfda-5ee04dc1243b" />
  <Project Path="09 - C# Attributes/09 - C# Attributes.csproj" Id="ea853462-7a79-4dab-9bd1-d5d6f35ec824" />
  <Project Path="10 - Reflection/10 - Reflection.csproj" Id="418e5283-b6c0-4674-9d22-32c653ba69eb" />
  <Project Path="11 - Special Comments (Docstrings)/11 - Special Comments (Docstrings).csproj" Id="ffe8872e-2e64-49b4-b9d2-09d3af15d0cf" />
  <Project Path="12 -  Mutable &amp; Immutable Types/12 -  Mutable &amp; Immutable Types.csproj" Id="1594b55c-956b-407d-b8ef-1ce9b53c5e97" />
  <Project Path="13 - Generics/13 - Generics.csproj" Id="b74d1173-fc17-48c3-8413-a7248f217435" />
  <Project Path="14 - Windows Registry/14 - Windows Registry.csproj" Id="91bd9048-772d-402d-870a-e61a7a535d2f" />
  <Project Path="15 - Event Viewer (Logging)/15 - Event Viewer (Logging).csproj" Id="e882c0c3-8aa8-40b2-8190-a0acba56ba71" />
  <Project Path="16 - App.Config/16 - App.Config.csproj" Id="7534ebe1-7d7f-4a3f-bdc0-6c1cbd8b68a1" />
  <Project Path="17 - String Builder/17 - String Builder.csproj" Id="a70dbb92-7fb1-4055-b27a-6f2e9493351b" />
  <Project Path="18 - Introduction to Cryptography/18 - Introduction to Cryptography.csproj" Id="17c6304f-5bee-425d-af29-d50bc411c062" />
  <Project Path="19 - Operator Overloading/19 - Operator Overloading.csproj" Id="6b415bd0-18ac-4665-b6df-771002f55a83" />
  <Project Path="20 - Introduction to Multithreading/20 - Introduction to Multithreading.csproj" Id="af97d815-d714-4ac3-9316-18905c36e0db" />
</Solution>
