<Solution>
  <Project Path="01 - Send Data Between Forms/01 - Send Data Between Forms.csproj" Id="3aec8166-74fa-47cd-92ca-10c6b2dffd58" />
  <Project Path="02 - Delegates/02 - Delegates.csproj" Id="02ae030f-f86c-401e-a345-fd76618374c6" />
  <Project Path="03_01 - Simple Event With Parameters Using Arguments/03_01 - Simple Event With Parameters Using Arguments.csproj" Id="02570e08-fd61-426a-b036-ed73ed3e9747" />
  <Project Path="03_02 - Events Practice &amp; Examples/03_02 - Events Practice &amp; Examples.csproj" Id="e894b055-5f71-4e95-982e-29f225be29be" />
  <Project Path="04 - More About Delegates/04 - More About Delegates.csproj" Id="54c5db63-037b-420c-8b54-909838f9513d" />
  <Project Path="05 - Lambda Expression/05 - Lambda Expression.csproj" Id="b4c702df-15ef-4352-8c1a-305f6103f189" />
  <Project Path="06 - using Statement in C#/06 - using Statement in C#.csproj" Id="741353ea-7c06-4a01-b1a9-2fdf65eaa13b" />
  <Project Path="07 - Nullable Datatypes/07 - Nullable Datatypes.csproj" Id="60206c81-ee67-47f6-a34f-92720fbfc6be" />
</Solution>
