
Microsoft Visual Studio Solution File, Format Version 12.00
# Visual Studio Version 17
VisualStudioVersion = 17.14.36518.9 d17.14
MinimumVisualStudioVersion = 10.0.40219.1
Project("{FAE04EC0-301F-11D3-BF4B-00C04F79EFBC}") = "06 - GUID Example in C#", "06 - GUID Example in C#.csproj", "{628514B7-F603-465C-82A5-7EE16379F420}"
EndProject
Global
	GlobalSection(SolutionConfigurationPlatforms) = preSolution
		Debug|Any CPU = Debug|Any CPU
		Release|Any CPU = Release|Any CPU
	EndGlobalSection
	GlobalSection(ProjectConfigurationPlatforms) = postSolution
		{628514B7-F603-465C-82A5-7EE16379F420}.Debug|Any CPU.ActiveCfg = Debug|Any CPU
		{628514B7-F603-465C-82A5-7EE16379F420}.Debug|Any CPU.Build.0 = Debug|Any CPU
		{628514B7-F603-465C-82A5-7EE16379F420}.Release|Any CPU.ActiveCfg = Release|Any CPU
		{628514B7-F603-465C-82A5-7EE16379F420}.Release|Any CPU.Build.0 = Release|Any CPU
	EndGlobalSection
	GlobalSection(SolutionProperties) = preSolution
		HideSolutionNode = FALSE
	EndGlobalSection
	GlobalSection(ExtensibilityGlobals) = postSolution
		SolutionGuid = {8C44D96D-F0B7-4B29-BCE3-2CAA441674F3}
	EndGlobalSection
EndGlobal
