
Microsoft Visual Studio Solution File, Format Version 12.00
# Visual Studio Version 17
VisualStudioVersion = 17.13.35919.96
MinimumVisualStudioVersion = 10.0.40219.1
Project("{8BC9CEB8-8B4A-11D0-8D11-00A0C91BC942}") = "01-ClassesAndObjects", "01-ClassesAndObjects\01-ClassesAndObjects.vcxproj", "{60795462-38BD-424D-A6B4-4A5D0B18733B}"
EndProject
Project("{2150E333-8FDC-42A3-9474-1A3956D46DE8}") = "01 - Classes & Objects", "01 - Classes & Objects", "{02EA681E-C7D8-13C7-8484-4AC65E1B71E8}"
EndProject
Project("{2150E333-8FDC-42A3-9474-1A3956D46DE8}") = "02 - Access Modifiers (Specifiers)", "02 - Access Modifiers (Specifiers)", "{EAD2F444-C8BC-4D8B-8B03-CE619B12D8E4}"
EndProject
Project("{8BC9CEB8-8B4A-11D0-8D11-00A0C91BC942}") = "02-AccessModifiers", "02-AccessModifiers\02-AccessModifiers.vcxproj", "{328A2985-EA8E-4B54-A55D-916DA4982A58}"
EndProject
Project("{2150E333-8FDC-42A3-9474-1A3956D46DE8}") = "03 - Properties", "03 - Properties", "{7C383961-A381-4A2C-85FC-E85E64B41101}"
EndProject
Project("{8BC9CEB8-8B4A-11D0-8D11-00A0C91BC942}") = "03-PropertiesGetSet", "03-PropertiesGetSet\03-PropertiesGetSet.vcxproj", "{8FD58A0B-8C23-4BEF-8C74-E073459ACD23}"
EndProject
Project("{8BC9CEB8-8B4A-11D0-8D11-00A0C91BC942}") = "04-ReadOnlyProperty", "04-ReadOnlyProperty\04-ReadOnlyProperty.vcxproj", "{0E94391B-3602-4F07-9DFF-F6415D16DEC3}"
EndProject
Project("{8BC9CEB8-8B4A-11D0-8D11-00A0C91BC942}") = "05-SetAndGetThroughEqualSign", "05-SetAndGetThroughEqualSign\05-SetAndGetThroughEqualSign.vcxproj", "{8992B211-CF24-4274-B347-86448E197A54}"
EndProject
Project("{2150E333-8FDC-42A3-9474-1A3956D46DE8}") = "04 - Project 1 - Calculator", "04 - Project 1 - Calculator", "{AC6B46CD-9D52-473D-BCF1-631E00D771F7}"
EndProject
Project("{8BC9CEB8-8B4A-11D0-8D11-00A0C91BC942}") = "06-Project1_Calculator", "06-Project1_Calculator\06-Project1_Calculator.vcxproj", "{F7825426-8C76-4E53-A42D-40B62AFAC5D3}"
EndProject
Project("{2150E333-8FDC-42A3-9474-1A3956D46DE8}") = "05 - Constructors & Destructors", "05 - Constructors & Destructors", "{AEB428E3-9439-4F8D-8B05-8CA16801E7E6}"
EndProject
Project("{8BC9CEB8-8B4A-11D0-8D11-00A0C91BC942}") = "07-Constructors", "07-Constructors\07-Constructors.vcxproj", "{A92573CA-2373-4BCA-A94F-EF041464CC49}"
EndProject
Project("{8BC9CEB8-8B4A-11D0-8D11-00A0C91BC942}") = "08-CopyConstructors", "08-CopyConstructors\08-CopyConstructors.vcxproj", "{12505B1B-30E6-4552-9FF2-732B7CAB2A4C}"
EndProject
Project("{8BC9CEB8-8B4A-11D0-8D11-00A0C91BC942}") = "09-Destructor", "09-Destructor\09-Destructor.vcxproj", "{BAF0020F-2208-4CA5-A3CA-C348FDE5C8AF}"
EndProject
Project("{2150E333-8FDC-42A3-9474-1A3956D46DE8}") = "06 - Static Members & Methods", "06 - Static Members & Methods", "{AD1EF7CA-F7BF-478F-9EF6-9B7086D3AE74}"
EndProject
Project("{8BC9CEB8-8B4A-11D0-8D11-00A0C91BC942}") = "10-StaticMember", "10-StaticMember\10-StaticMember.vcxproj", "{964C1A21-E37B-48B8-A971-9F5785C92DAA}"
EndProject
Project("{8BC9CEB8-8B4A-11D0-8D11-00A0C91BC942}") = "11-StaticMethod", "11-StaticMethod\11-StaticMethod.vcxproj", "{BC4B7581-0C20-45B7-92A3-B37981A39D5B}"
EndProject
Global
	GlobalSection(SolutionConfigurationPlatforms) = preSolution
		Debug|x64 = Debug|x64
		Debug|x86 = Debug|x86
		Release|x64 = Release|x64
		Release|x86 = Release|x86
	EndGlobalSection
	GlobalSection(ProjectConfigurationPlatforms) = postSolution
		{60795462-38BD-424D-A6B4-4A5D0B18733B}.Debug|x64.ActiveCfg = Debug|x64
		{60795462-38BD-424D-A6B4-4A5D0B18733B}.Debug|x64.Build.0 = Debug|x64
		{60795462-38BD-424D-A6B4-4A5D0B18733B}.Debug|x86.ActiveCfg = Debug|Win32
		{60795462-38BD-424D-A6B4-4A5D0B18733B}.Debug|x86.Build.0 = Debug|Win32
		{60795462-38BD-424D-A6B4-4A5D0B18733B}.Release|x64.ActiveCfg = Release|x64
		{60795462-38BD-424D-A6B4-4A5D0B18733B}.Release|x64.Build.0 = Release|x64
		{60795462-38BD-424D-A6B4-4A5D0B18733B}.Release|x86.ActiveCfg = Release|Win32
		{60795462-38BD-424D-A6B4-4A5D0B18733B}.Release|x86.Build.0 = Release|Win32
		{328A2985-EA8E-4B54-A55D-916DA4982A58}.Debug|x64.ActiveCfg = Debug|x64
		{328A2985-EA8E-4B54-A55D-916DA4982A58}.Debug|x64.Build.0 = Debug|x64
		{328A2985-EA8E-4B54-A55D-916DA4982A58}.Debug|x86.ActiveCfg = Debug|Win32
		{328A2985-EA8E-4B54-A55D-916DA4982A58}.Debug|x86.Build.0 = Debug|Win32
		{328A2985-EA8E-4B54-A55D-916DA4982A58}.Release|x64.ActiveCfg = Release|x64
		{328A2985-EA8E-4B54-A55D-916DA4982A58}.Release|x64.Build.0 = Release|x64
		{328A2985-EA8E-4B54-A55D-916DA4982A58}.Release|x86.ActiveCfg = Release|Win32
		{328A2985-EA8E-4B54-A55D-916DA4982A58}.Release|x86.Build.0 = Release|Win32
		{8FD58A0B-8C23-4BEF-8C74-E073459ACD23}.Debug|x64.ActiveCfg = Debug|x64
		{8FD58A0B-8C23-4BEF-8C74-E073459ACD23}.Debug|x64.Build.0 = Debug|x64
		{8FD58A0B-8C23-4BEF-8C74-E073459ACD23}.Debug|x86.ActiveCfg = Debug|Win32
		{8FD58A0B-8C23-4BEF-8C74-E073459ACD23}.Debug|x86.Build.0 = Debug|Win32
		{8FD58A0B-8C23-4BEF-8C74-E073459ACD23}.Release|x64.ActiveCfg = Release|x64
		{8FD58A0B-8C23-4BEF-8C74-E073459ACD23}.Release|x64.Build.0 = Release|x64
		{8FD58A0B-8C23-4BEF-8C74-E073459ACD23}.Release|x86.ActiveCfg = Release|Win32
		{8FD58A0B-8C23-4BEF-8C74-E073459ACD23}.Release|x86.Build.0 = Release|Win32
		{0E94391B-3602-4F07-9DFF-F6415D16DEC3}.Debug|x64.ActiveCfg = Debug|x64
		{0E94391B-3602-4F07-9DFF-F6415D16DEC3}.Debug|x64.Build.0 = Debug|x64
		{0E94391B-3602-4F07-9DFF-F6415D16DEC3}.Debug|x86.ActiveCfg = Debug|Win32
		{0E94391B-3602-4F07-9DFF-F6415D16DEC3}.Debug|x86.Build.0 = Debug|Win32
		{0E94391B-3602-4F07-9DFF-F6415D16DEC3}.Release|x64.ActiveCfg = Release|x64
		{0E94391B-3602-4F07-9DFF-F6415D16DEC3}.Release|x64.Build.0 = Release|x64
		{0E94391B-3602-4F07-9DFF-F6415D16DEC3}.Release|x86.ActiveCfg = Release|Win32
		{0E94391B-3602-4F07-9DFF-F6415D16DEC3}.Release|x86.Build.0 = Release|Win32
		{8992B211-CF24-4274-B347-86448E197A54}.Debug|x64.ActiveCfg = Debug|x64
		{8992B211-CF24-4274-B347-86448E197A54}.Debug|x64.Build.0 = Debug|x64
		{8992B211-CF24-4274-B347-86448E197A54}.Debug|x86.ActiveCfg = Debug|Win32
		{8992B211-CF24-4274-B347-86448E197A54}.Debug|x86.Build.0 = Debug|Win32
		{8992B211-CF24-4274-B347-86448E197A54}.Release|x64.ActiveCfg = Release|x64
		{8992B211-CF24-4274-B347-86448E197A54}.Release|x64.Build.0 = Release|x64
		{8992B211-CF24-4274-B347-86448E197A54}.Release|x86.ActiveCfg = Release|Win32
		{8992B211-CF24-4274-B347-86448E197A54}.Release|x86.Build.0 = Release|Win32
		{F7825426-8C76-4E53-A42D-40B62AFAC5D3}.Debug|x64.ActiveCfg = Debug|x64
		{F7825426-8C76-4E53-A42D-40B62AFAC5D3}.Debug|x64.Build.0 = Debug|x64
		{F7825426-8C76-4E53-A42D-40B62AFAC5D3}.Debug|x86.ActiveCfg = Debug|Win32
		{F7825426-8C76-4E53-A42D-40B62AFAC5D3}.Debug|x86.Build.0 = Debug|Win32
		{F7825426-8C76-4E53-A42D-40B62AFAC5D3}.Release|x64.ActiveCfg = Release|x64
		{F7825426-8C76-4E53-A42D-40B62AFAC5D3}.Release|x64.Build.0 = Release|x64
		{F7825426-8C76-4E53-A42D-40B62AFAC5D3}.Release|x86.ActiveCfg = Release|Win32
		{F7825426-8C76-4E53-A42D-40B62AFAC5D3}.Release|x86.Build.0 = Release|Win32
		{A92573CA-2373-4BCA-A94F-EF041464CC49}.Debug|x64.ActiveCfg = Debug|x64
		{A92573CA-2373-4BCA-A94F-EF041464CC49}.Debug|x64.Build.0 = Debug|x64
		{A92573CA-2373-4BCA-A94F-EF041464CC49}.Debug|x86.ActiveCfg = Debug|Win32
		{A92573CA-2373-4BCA-A94F-EF041464CC49}.Debug|x86.Build.0 = Debug|Win32
		{A92573CA-2373-4BCA-A94F-EF041464CC49}.Release|x64.ActiveCfg = Release|x64
		{A92573CA-2373-4BCA-A94F-EF041464CC49}.Release|x64.Build.0 = Release|x64
		{A92573CA-2373-4BCA-A94F-EF041464CC49}.Release|x86.ActiveCfg = Release|Win32
		{A92573CA-2373-4BCA-A94F-EF041464CC49}.Release|x86.Build.0 = Release|Win32
		{12505B1B-30E6-4552-9FF2-732B7CAB2A4C}.Debug|x64.ActiveCfg = Debug|x64
		{12505B1B-30E6-4552-9FF2-732B7CAB2A4C}.Debug|x64.Build.0 = Debug|x64
		{12505B1B-30E6-4552-9FF2-732B7CAB2A4C}.Debug|x86.ActiveCfg = Debug|Win32
		{12505B1B-30E6-4552-9FF2-732B7CAB2A4C}.Debug|x86.Build.0 = Debug|Win32
		{12505B1B-30E6-4552-9FF2-732B7CAB2A4C}.Release|x64.ActiveCfg = Release|x64
		{12505B1B-30E6-4552-9FF2-732B7CAB2A4C}.Release|x64.Build.0 = Release|x64
		{12505B1B-30E6-4552-9FF2-732B7CAB2A4C}.Release|x86.ActiveCfg = Release|Win32
		{12505B1B-30E6-4552-9FF2-732B7CAB2A4C}.Release|x86.Build.0 = Release|Win32
		{BAF0020F-2208-4CA5-A3CA-C348FDE5C8AF}.Debug|x64.ActiveCfg = Debug|x64
		{BAF0020F-2208-4CA5-A3CA-C348FDE5C8AF}.Debug|x64.Build.0 = Debug|x64
		{BAF0020F-2208-4CA5-A3CA-C348FDE5C8AF}.Debug|x86.ActiveCfg = Debug|Win32
		{BAF0020F-2208-4CA5-A3CA-C348FDE5C8AF}.Debug|x86.Build.0 = Debug|Win32
		{BAF0020F-2208-4CA5-A3CA-C348FDE5C8AF}.Release|x64.ActiveCfg = Release|x64
		{BAF0020F-2208-4CA5-A3CA-C348FDE5C8AF}.Release|x64.Build.0 = Release|x64
		{BAF0020F-2208-4CA5-A3CA-C348FDE5C8AF}.Release|x86.ActiveCfg = Release|Win32
		{BAF0020F-2208-4CA5-A3CA-C348FDE5C8AF}.Release|x86.Build.0 = Release|Win32
		{964C1A21-E37B-48B8-A971-9F5785C92DAA}.Debug|x64.ActiveCfg = Debug|x64
		{964C1A21-E37B-48B8-A971-9F5785C92DAA}.Debug|x64.Build.0 = Debug|x64
		{964C1A21-E37B-48B8-A971-9F5785C92DAA}.Debug|x86.ActiveCfg = Debug|Win32
		{964C1A21-E37B-48B8-A971-9F5785C92DAA}.Debug|x86.Build.0 = Debug|Win32
		{964C1A21-E37B-48B8-A971-9F5785C92DAA}.Release|x64.ActiveCfg = Release|x64
		{964C1A21-E37B-48B8-A971-9F5785C92DAA}.Release|x64.Build.0 = Release|x64
		{964C1A21-E37B-48B8-A971-9F5785C92DAA}.Release|x86.ActiveCfg = Release|Win32
		{964C1A21-E37B-48B8-A971-9F5785C92DAA}.Release|x86.Build.0 = Release|Win32
		{BC4B7581-0C20-45B7-92A3-B37981A39D5B}.Debug|x64.ActiveCfg = Debug|x64
		{BC4B7581-0C20-45B7-92A3-B37981A39D5B}.Debug|x64.Build.0 = Debug|x64
		{BC4B7581-0C20-45B7-92A3-B37981A39D5B}.Debug|x86.ActiveCfg = Debug|Win32
		{BC4B7581-0C20-45B7-92A3-B37981A39D5B}.Debug|x86.Build.0 = Debug|Win32
		{BC4B7581-0C20-45B7-92A3-B37981A39D5B}.Release|x64.ActiveCfg = Release|x64
		{BC4B7581-0C20-45B7-92A3-B37981A39D5B}.Release|x64.Build.0 = Release|x64
		{BC4B7581-0C20-45B7-92A3-B37981A39D5B}.Release|x86.ActiveCfg = Release|Win32
		{BC4B7581-0C20-45B7-92A3-B37981A39D5B}.Release|x86.Build.0 = Release|Win32
	EndGlobalSection
	GlobalSection(SolutionProperties) = preSolution
		HideSolutionNode = FALSE
	EndGlobalSection
	GlobalSection(NestedProjects) = preSolution
		{60795462-38BD-424D-A6B4-4A5D0B18733B} = {02EA681E-C7D8-13C7-8484-4AC65E1B71E8}
		{328A2985-EA8E-4B54-A55D-916DA4982A58} = {EAD2F444-C8BC-4D8B-8B03-CE619B12D8E4}
		{8FD58A0B-8C23-4BEF-8C74-E073459ACD23} = {7C383961-A381-4A2C-85FC-E85E64B41101}
		{0E94391B-3602-4F07-9DFF-F6415D16DEC3} = {7C383961-A381-4A2C-85FC-E85E64B41101}
		{8992B211-CF24-4274-B347-86448E197A54} = {7C383961-A381-4A2C-85FC-E85E64B41101}
		{F7825426-8C76-4E53-A42D-40B62AFAC5D3} = {AC6B46CD-9D52-473D-BCF1-631E00D771F7}
		{A92573CA-2373-4BCA-A94F-EF041464CC49} = {AEB428E3-9439-4F8D-8B05-8CA16801E7E6}
		{12505B1B-30E6-4552-9FF2-732B7CAB2A4C} = {AEB428E3-9439-4F8D-8B05-8CA16801E7E6}
		{BAF0020F-2208-4CA5-A3CA-C348FDE5C8AF} = {AEB428E3-9439-4F8D-8B05-8CA16801E7E6}
		{964C1A21-E37B-48B8-A971-9F5785C92DAA} = {AD1EF7CA-F7BF-478F-9EF6-9B7086D3AE74}
		{BC4B7581-0C20-45B7-92A3-B37981A39D5B} = {AD1EF7CA-F7BF-478F-9EF6-9B7086D3AE74}
	EndGlobalSection
	GlobalSection(ExtensibilityGlobals) = postSolution
		SolutionGuid = {D857A578-A70B-4351-A145-E73C620FE367}
	EndGlobalSection
EndGlobal
