
Microsoft Visual Studio Solution File, Format Version 12.00
# Visual Studio Version 17
VisualStudioVersion = 17.13.35919.96
MinimumVisualStudioVersion = 10.0.40219.1
Project("{8BC9CEB8-8B4A-11D0-8D11-00A0C91BC942}") = "01-ClassesAndObjects", "01-ClassesAndObjects\01-ClassesAndObjects.vcxproj", "{60795462-38BD-424D-A6B4-4A5D0B18733B}"
EndProject
Project("{2150E333-8FDC-42A3-9474-1A3956D46DE8}") = "01 - Classes & Objects", "01 - Classes & Objects", "{02EA681E-C7D8-13C7-8484-4AC65E1B71E8}"
EndProject
Project("{2150E333-8FDC-42A3-9474-1A3956D46DE8}") = "02 - Access Modifiers (Specifiers)", "02 - Access Modifiers (Specifiers)", "{EAD2F444-C8BC-4D8B-8B03-CE619B12D8E4}"
EndProject
Project("{8BC9CEB8-8B4A-11D0-8D11-00A0C91BC942}") = "02-AccessModifiers", "02-AccessModifiers\02-AccessModifiers.vcxproj", "{328A2985-EA8E-4B54-A55D-916DA4982A58}"
EndProject
Project("{2150E333-8FDC-42A3-9474-1A3956D46DE8}") = "03 - Properties", "03 - Properties", "{7C383961-A381-4A2C-85FC-E85E64B41101}"
EndProject
Project("{8BC9CEB8-8B4A-11D0-8D11-00A0C91BC942}") = "03-PropertiesGetSet", "03-PropertiesGetSet\03-PropertiesGetSet.vcxproj", "{8FD58A0B-8C23-4BEF-8C74-E073459ACD23}"
EndProject
Project("{8BC9CEB8-8B4A-11D0-8D11-00A0C91BC942}") = "04-ReadOnlyProperty", "04-ReadOnlyProperty\04-ReadOnlyProperty.vcxproj", "{0E94391B-3602-4F07-9DFF-F6415D16DEC3}"
EndProject
Project("{8BC9CEB8-8B4A-11D0-8D11-00A0C91BC942}") = "05-SetAndGetThroughEqualSign", "05-SetAndGetThroughEqualSign\05-SetAndGetThroughEqualSign.vcxproj", "{8992B211-CF24-4274-B347-86448E197A54}"
EndProject
Project("{2150E333-8FDC-42A3-9474-1A3956D46DE8}") = "04 - Project 1 - Calculator", "04 - Project 1 - Calculator", "{AC6B46CD-9D52-473D-BCF1-631E00D771F7}"
EndProject
Project("{8BC9CEB8-8B4A-11D0-8D11-00A0C91BC942}") = "06-Project1_Calculator", "06-Project1_Calculator\06-Project1_Calculator.vcxproj", "{F7825426-8C76-4E53-A42D-40B62AFAC5D3}"
EndProject
Project("{2150E333-8FDC-42A3-9474-1A3956D46DE8}") = "05 - Constructors & Destructors", "05 - Constructors & Destructors", "{AEB428E3-9439-4F8D-8B05-8CA16801E7E6}"
EndProject
Project("{8BC9CEB8-8B4A-11D0-8D11-00A0C91BC942}") = "07-Constructors", "07-Constructors\07-Constructors.vcxproj", "{A92573CA-2373-4BCA-A94F-EF041464CC49}"
EndProject
Project("{8BC9CEB8-8B4A-11D0-8D11-00A0C91BC942}") = "08-CopyConstructors", "08-CopyConstructors\08-CopyConstructors.vcxproj", "{12505B1B-30E6-4552-9FF2-732B7CAB2A4C}"
EndProject
Project("{8BC9CEB8-8B4A-11D0-8D11-00A0C91BC942}") = "09-Destructor", "09-Destructor\09-Destructor.vcxproj", "{BAF0020F-2208-4CA5-A3CA-C348FDE5C8AF}"
EndProject
Project("{2150E333-8FDC-42A3-9474-1A3956D46DE8}") = "06 - Static Members & Methods", "06 - Static Members & Methods", "{AD1EF7CA-F7BF-478F-9EF6-9B7086D3AE74}"
EndProject
Project("{8BC9CEB8-8B4A-11D0-8D11-00A0C91BC942}") = "10-StaticMember", "10-StaticMember\10-StaticMember.vcxproj", "{964C1A21-E37B-48B8-A971-9F5785C92DAA}"
EndProject
Project("{8BC9CEB8-8B4A-11D0-8D11-00A0C91BC942}") = "11-StaticMethod", "11-StaticMethod\11-StaticMethod.vcxproj", "{BC4B7581-0C20-45B7-92A3-B37981A39D5B}"
EndProject
Project("{2150E333-8FDC-42A3-9474-1A3956D46DE8}") = "07 - Exercises and Homework", "07 - Exercises and Homework", "{4271A598-403F-47D3-BE59-8F3A5A716541}"
EndProject
Project("{8BC9CEB8-8B4A-11D0-8D11-00A0C91BC942}") = "12-PersonExercise", "12-PersonExercise\12-PersonExercise.vcxproj", "{6D539D21-C6EF-47B5-B18D-E4F2C6E9EFFA}"
EndProject
Project("{8BC9CEB8-8B4A-11D0-8D11-00A0C91BC942}") = "13-EmployeeExercise", "13-EmployeeExercise\13-EmployeeExercise.vcxproj", "{1AD87F3E-CBE3-4614-A83F-7F85244DD84A}"
EndProject
Project("{2150E333-8FDC-42A3-9474-1A3956D46DE8}") = "08 - Inheritance", "08 - Inheritance", "{85904EE7-E070-474B-877E-B67626AB22B5}"
EndProject
Project("{8BC9CEB8-8B4A-11D0-8D11-00A0C91BC942}") = "14-ThirdPrincipleOfOOP_Inheritance", "14-ThirdPrincipleOfOOP_Inheritance\14-ThirdPrincipleOfOOP_Inheritance.vcxproj", "{05058F42-2967-4311-8242-CCBB61F4AB91}"
EndProject
Project("{8BC9CEB8-8B4A-11D0-8D11-00A0C91BC942}") = "15-ParametrizedConstructorOfBaseClass", "15-ParametrizedConstructorOfBaseClass\15-ParametrizedConstructorOfBaseClass.vcxproj", "{D86295D9-0884-4BE5-8FB3-B6E20FEC4299}"
EndProject
Project("{8BC9CEB8-8B4A-11D0-8D11-00A0C91BC942}") = "16-FunctionOverloading", "16-FunctionOverloading\16-FunctionOverloading.vcxproj", "{37D24FB8-60F6-415D-AFE8-3FA72E64B17B}"
EndProject
Project("{8BC9CEB8-8B4A-11D0-8D11-00A0C91BC942}") = "17-DeveloperExercise", "17-DeveloperExercise\17-DeveloperExercise.vcxproj", "{E2D8D92B-34AE-4458-85E4-8AB687967A8E}"
EndProject
Project("{8BC9CEB8-8B4A-11D0-8D11-00A0C91BC942}") = "18-AccessModifiersWithInheritance", "18-AccessModifiersWithInheritance\18-AccessModifiersWithInheritance.vcxproj", "{BF118152-5CE6-43D8-8F67-79EE9F6BACC2}"
EndProject
Project("{8BC9CEB8-8B4A-11D0-8D11-00A0C91BC942}") = "19-InheritanceVisibilityModes", "19-InheritanceVisibilityModes\19-InheritanceVisibilityModes.vcxproj", "{276268DF-969D-4DAF-ABE9-1DBBB8B85C53}"
EndProject
Project("{8BC9CEB8-8B4A-11D0-8D11-00A0C91BC942}") = "20-UpAndDownCasting", "20-UpAndDownCasting\20-UpAndDownCasting.vcxproj", "{E23E3319-3955-4E08-83AB-264E53ABAFCF}"
EndProject
Project("{8BC9CEB8-8B4A-11D0-8D11-00A0C91BC942}") = "21-VirtualFunction", "21-VirtualFunction\21-VirtualFunction.vcxproj", "{04ED8C49-B5C7-45E0-9FF6-4F2098AE8AE2}"
EndProject
Project("{8BC9CEB8-8B4A-11D0-8D11-00A0C91BC942}") = "22-StaticVsDynamicBinding", "22-StaticVsDynamicBinding\22-StaticVsDynamicBinding.vcxproj", "{FED0D8AA-70EC-4EC1-997D-54EA7360A4BB}"
EndProject
Project("{2150E333-8FDC-42A3-9474-1A3956D46DE8}") = "09 - Polymorphism", "09 - Polymorphism", "{4D825A1D-7674-468A-8BF0-886CD7B3FA97}"
EndProject
Project("{8BC9CEB8-8B4A-11D0-8D11-00A0C91BC942}") = "23-Interface_AbstractClass", "23-Interface_AbstractClass\23-Interface_AbstractClass.vcxproj", "{6B52189E-66E0-40CD-B40E-C06D51C6946A}"
EndProject
Global
	GlobalSection(SolutionConfigurationPlatforms) = preSolution
		Debug|x64 = Debug|x64
		Debug|x86 = Debug|x86
		Release|x64 = Release|x64
		Release|x86 = Release|x86
	EndGlobalSection
	GlobalSection(ProjectConfigurationPlatforms) = postSolution
		{60795462-38BD-424D-A6B4-4A5D0B18733B}.Debug|x64.ActiveCfg = Debug|x64
		{60795462-38BD-424D-A6B4-4A5D0B18733B}.Debug|x64.Build.0 = Debug|x64
		{60795462-38BD-424D-A6B4-4A5D0B18733B}.Debug|x86.ActiveCfg = Debug|Win32
		{60795462-38BD-424D-A6B4-4A5D0B18733B}.Debug|x86.Build.0 = Debug|Win32
		{60795462-38BD-424D-A6B4-4A5D0B18733B}.Release|x64.ActiveCfg = Release|x64
		{60795462-38BD-424D-A6B4-4A5D0B18733B}.Release|x64.Build.0 = Release|x64
		{60795462-38BD-424D-A6B4-4A5D0B18733B}.Release|x86.ActiveCfg = Release|Win32
		{60795462-38BD-424D-A6B4-4A5D0B18733B}.Release|x86.Build.0 = Release|Win32
		{328A2985-EA8E-4B54-A55D-916DA4982A58}.Debug|x64.ActiveCfg = Debug|x64
		{328A2985-EA8E-4B54-A55D-916DA4982A58}.Debug|x64.Build.0 = Debug|x64
		{328A2985-EA8E-4B54-A55D-916DA4982A58}.Debug|x86.ActiveCfg = Debug|Win32
		{328A2985-EA8E-4B54-A55D-916DA4982A58}.Debug|x86.Build.0 = Debug|Win32
		{328A2985-EA8E-4B54-A55D-916DA4982A58}.Release|x64.ActiveCfg = Release|x64
		{328A2985-EA8E-4B54-A55D-916DA4982A58}.Release|x64.Build.0 = Release|x64
		{328A2985-EA8E-4B54-A55D-916DA4982A58}.Release|x86.ActiveCfg = Release|Win32
		{328A2985-EA8E-4B54-A55D-916DA4982A58}.Release|x86.Build.0 = Release|Win32
		{8FD58A0B-8C23-4BEF-8C74-E073459ACD23}.Debug|x64.ActiveCfg = Debug|x64
		{8FD58A0B-8C23-4BEF-8C74-E073459ACD23}.Debug|x64.Build.0 = Debug|x64
		{8FD58A0B-8C23-4BEF-8C74-E073459ACD23}.Debug|x86.ActiveCfg = Debug|Win32
		{8FD58A0B-8C23-4BEF-8C74-E073459ACD23}.Debug|x86.Build.0 = Debug|Win32
		{8FD58A0B-8C23-4BEF-8C74-E073459ACD23}.Release|x64.ActiveCfg = Release|x64
		{8FD58A0B-8C23-4BEF-8C74-E073459ACD23}.Release|x64.Build.0 = Release|x64
		{8FD58A0B-8C23-4BEF-8C74-E073459ACD23}.Release|x86.ActiveCfg = Release|Win32
		{8FD58A0B-8C23-4BEF-8C74-E073459ACD23}.Release|x86.Build.0 = Release|Win32
		{0E94391B-3602-4F07-9DFF-F6415D16DEC3}.Debug|x64.ActiveCfg = Debug|x64
		{0E94391B-3602-4F07-9DFF-F6415D16DEC3}.Debug|x64.Build.0 = Debug|x64
		{0E94391B-3602-4F07-9DFF-F6415D16DEC3}.Debug|x86.ActiveCfg = Debug|Win32
		{0E94391B-3602-4F07-9DFF-F6415D16DEC3}.Debug|x86.Build.0 = Debug|Win32
		{0E94391B-3602-4F07-9DFF-F6415D16DEC3}.Release|x64.ActiveCfg = Release|x64
		{0E94391B-3602-4F07-9DFF-F6415D16DEC3}.Release|x64.Build.0 = Release|x64
		{0E94391B-3602-4F07-9DFF-F6415D16DEC3}.Release|x86.ActiveCfg = Release|Win32
		{0E94391B-3602-4F07-9DFF-F6415D16DEC3}.Release|x86.Build.0 = Release|Win32
		{8992B211-CF24-4274-B347-86448E197A54}.Debug|x64.ActiveCfg = Debug|x64
		{8992B211-CF24-4274-B347-86448E197A54}.Debug|x64.Build.0 = Debug|x64
		{8992B211-CF24-4274-B347-86448E197A54}.Debug|x86.ActiveCfg = Debug|Win32
		{8992B211-CF24-4274-B347-86448E197A54}.Debug|x86.Build.0 = Debug|Win32
		{8992B211-CF24-4274-B347-86448E197A54}.Release|x64.ActiveCfg = Release|x64
		{8992B211-CF24-4274-B347-86448E197A54}.Release|x64.Build.0 = Release|x64
		{8992B211-CF24-4274-B347-86448E197A54}.Release|x86.ActiveCfg = Release|Win32
		{8992B211-CF24-4274-B347-86448E197A54}.Release|x86.Build.0 = Release|Win32
		{F7825426-8C76-4E53-A42D-40B62AFAC5D3}.Debug|x64.ActiveCfg = Debug|x64
		{F7825426-8C76-4E53-A42D-40B62AFAC5D3}.Debug|x64.Build.0 = Debug|x64
		{F7825426-8C76-4E53-A42D-40B62AFAC5D3}.Debug|x86.ActiveCfg = Debug|Win32
		{F7825426-8C76-4E53-A42D-40B62AFAC5D3}.Debug|x86.Build.0 = Debug|Win32
		{F7825426-8C76-4E53-A42D-40B62AFAC5D3}.Release|x64.ActiveCfg = Release|x64
		{F7825426-8C76-4E53-A42D-40B62AFAC5D3}.Release|x64.Build.0 = Release|x64
		{F7825426-8C76-4E53-A42D-40B62AFAC5D3}.Release|x86.ActiveCfg = Release|Win32
		{F7825426-8C76-4E53-A42D-40B62AFAC5D3}.Release|x86.Build.0 = Release|Win32
		{A92573CA-2373-4BCA-A94F-EF041464CC49}.Debug|x64.ActiveCfg = Debug|x64
		{A92573CA-2373-4BCA-A94F-EF041464CC49}.Debug|x64.Build.0 = Debug|x64
		{A92573CA-2373-4BCA-A94F-EF041464CC49}.Debug|x86.ActiveCfg = Debug|Win32
		{A92573CA-2373-4BCA-A94F-EF041464CC49}.Debug|x86.Build.0 = Debug|Win32
		{A92573CA-2373-4BCA-A94F-EF041464CC49}.Release|x64.ActiveCfg = Release|x64
		{A92573CA-2373-4BCA-A94F-EF041464CC49}.Release|x64.Build.0 = Release|x64
		{A92573CA-2373-4BCA-A94F-EF041464CC49}.Release|x86.ActiveCfg = Release|Win32
		{A92573CA-2373-4BCA-A94F-EF041464CC49}.Release|x86.Build.0 = Release|Win32
		{12505B1B-30E6-4552-9FF2-732B7CAB2A4C}.Debug|x64.ActiveCfg = Debug|x64
		{12505B1B-30E6-4552-9FF2-732B7CAB2A4C}.Debug|x64.Build.0 = Debug|x64
		{12505B1B-30E6-4552-9FF2-732B7CAB2A4C}.Debug|x86.ActiveCfg = Debug|Win32
		{12505B1B-30E6-4552-9FF2-732B7CAB2A4C}.Debug|x86.Build.0 = Debug|Win32
		{12505B1B-30E6-4552-9FF2-732B7CAB2A4C}.Release|x64.ActiveCfg = Release|x64
		{12505B1B-30E6-4552-9FF2-732B7CAB2A4C}.Release|x64.Build.0 = Release|x64
		{12505B1B-30E6-4552-9FF2-732B7CAB2A4C}.Release|x86.ActiveCfg = Release|Win32
		{12505B1B-30E6-4552-9FF2-732B7CAB2A4C}.Release|x86.Build.0 = Release|Win32
		{BAF0020F-2208-4CA5-A3CA-C348FDE5C8AF}.Debug|x64.ActiveCfg = Debug|x64
		{BAF0020F-2208-4CA5-A3CA-C348FDE5C8AF}.Debug|x64.Build.0 = Debug|x64
		{BAF0020F-2208-4CA5-A3CA-C348FDE5C8AF}.Debug|x86.ActiveCfg = Debug|Win32
		{BAF0020F-2208-4CA5-A3CA-C348FDE5C8AF}.Debug|x86.Build.0 = Debug|Win32
		{BAF0020F-2208-4CA5-A3CA-C348FDE5C8AF}.Release|x64.ActiveCfg = Release|x64
		{BAF0020F-2208-4CA5-A3CA-C348FDE5C8AF}.Release|x64.Build.0 = Release|x64
		{BAF0020F-2208-4CA5-A3CA-C348FDE5C8AF}.Release|x86.ActiveCfg = Release|Win32
		{BAF0020F-2208-4CA5-A3CA-C348FDE5C8AF}.Release|x86.Build.0 = Release|Win32
		{964C1A21-E37B-48B8-A971-9F5785C92DAA}.Debug|x64.ActiveCfg = Debug|x64
		{964C1A21-E37B-48B8-A971-9F5785C92DAA}.Debug|x64.Build.0 = Debug|x64
		{964C1A21-E37B-48B8-A971-9F5785C92DAA}.Debug|x86.ActiveCfg = Debug|Win32
		{964C1A21-E37B-48B8-A971-9F5785C92DAA}.Debug|x86.Build.0 = Debug|Win32
		{964C1A21-E37B-48B8-A971-9F5785C92DAA}.Release|x64.ActiveCfg = Release|x64
		{964C1A21-E37B-48B8-A971-9F5785C92DAA}.Release|x64.Build.0 = Release|x64
		{964C1A21-E37B-48B8-A971-9F5785C92DAA}.Release|x86.ActiveCfg = Release|Win32
		{964C1A21-E37B-48B8-A971-9F5785C92DAA}.Release|x86.Build.0 = Release|Win32
		{BC4B7581-0C20-45B7-92A3-B37981A39D5B}.Debug|x64.ActiveCfg = Debug|x64
		{BC4B7581-0C20-45B7-92A3-B37981A39D5B}.Debug|x64.Build.0 = Debug|x64
		{BC4B7581-0C20-45B7-92A3-B37981A39D5B}.Debug|x86.ActiveCfg = Debug|Win32
		{BC4B7581-0C20-45B7-92A3-B37981A39D5B}.Debug|x86.Build.0 = Debug|Win32
		{BC4B7581-0C20-45B7-92A3-B37981A39D5B}.Release|x64.ActiveCfg = Release|x64
		{BC4B7581-0C20-45B7-92A3-B37981A39D5B}.Release|x64.Build.0 = Release|x64
		{BC4B7581-0C20-45B7-92A3-B37981A39D5B}.Release|x86.ActiveCfg = Release|Win32
		{BC4B7581-0C20-45B7-92A3-B37981A39D5B}.Release|x86.Build.0 = Release|Win32
		{6D539D21-C6EF-47B5-B18D-E4F2C6E9EFFA}.Debug|x64.ActiveCfg = Debug|x64
		{6D539D21-C6EF-47B5-B18D-E4F2C6E9EFFA}.Debug|x64.Build.0 = Debug|x64
		{6D539D21-C6EF-47B5-B18D-E4F2C6E9EFFA}.Debug|x86.ActiveCfg = Debug|Win32
		{6D539D21-C6EF-47B5-B18D-E4F2C6E9EFFA}.Debug|x86.Build.0 = Debug|Win32
		{6D539D21-C6EF-47B5-B18D-E4F2C6E9EFFA}.Release|x64.ActiveCfg = Release|x64
		{6D539D21-C6EF-47B5-B18D-E4F2C6E9EFFA}.Release|x64.Build.0 = Release|x64
		{6D539D21-C6EF-47B5-B18D-E4F2C6E9EFFA}.Release|x86.ActiveCfg = Release|Win32
		{6D539D21-C6EF-47B5-B18D-E4F2C6E9EFFA}.Release|x86.Build.0 = Release|Win32
		{1AD87F3E-CBE3-4614-A83F-7F85244DD84A}.Debug|x64.ActiveCfg = Debug|x64
		{1AD87F3E-CBE3-4614-A83F-7F85244DD84A}.Debug|x64.Build.0 = Debug|x64
		{1AD87F3E-CBE3-4614-A83F-7F85244DD84A}.Debug|x86.ActiveCfg = Debug|Win32
		{1AD87F3E-CBE3-4614-A83F-7F85244DD84A}.Debug|x86.Build.0 = Debug|Win32
		{1AD87F3E-CBE3-4614-A83F-7F85244DD84A}.Release|x64.ActiveCfg = Release|x64
		{1AD87F3E-CBE3-4614-A83F-7F85244DD84A}.Release|x64.Build.0 = Release|x64
		{1AD87F3E-CBE3-4614-A83F-7F85244DD84A}.Release|x86.ActiveCfg = Release|Win32
		{1AD87F3E-CBE3-4614-A83F-7F85244DD84A}.Release|x86.Build.0 = Release|Win32
		{05058F42-2967-4311-8242-CCBB61F4AB91}.Debug|x64.ActiveCfg = Debug|x64
		{05058F42-2967-4311-8242-CCBB61F4AB91}.Debug|x64.Build.0 = Debug|x64
		{05058F42-2967-4311-8242-CCBB61F4AB91}.Debug|x86.ActiveCfg = Debug|Win32
		{05058F42-2967-4311-8242-CCBB61F4AB91}.Debug|x86.Build.0 = Debug|Win32
		{05058F42-2967-4311-8242-CCBB61F4AB91}.Release|x64.ActiveCfg = Release|x64
		{05058F42-2967-4311-8242-CCBB61F4AB91}.Release|x64.Build.0 = Release|x64
		{05058F42-2967-4311-8242-CCBB61F4AB91}.Release|x86.ActiveCfg = Release|Win32
		{05058F42-2967-4311-8242-CCBB61F4AB91}.Release|x86.Build.0 = Release|Win32
		{D86295D9-0884-4BE5-8FB3-B6E20FEC4299}.Debug|x64.ActiveCfg = Debug|x64
		{D86295D9-0884-4BE5-8FB3-B6E20FEC4299}.Debug|x64.Build.0 = Debug|x64
		{D86295D9-0884-4BE5-8FB3-B6E20FEC4299}.Debug|x86.ActiveCfg = Debug|Win32
		{D86295D9-0884-4BE5-8FB3-B6E20FEC4299}.Debug|x86.Build.0 = Debug|Win32
		{D86295D9-0884-4BE5-8FB3-B6E20FEC4299}.Release|x64.ActiveCfg = Release|x64
		{D86295D9-0884-4BE5-8FB3-B6E20FEC4299}.Release|x64.Build.0 = Release|x64
		{D86295D9-0884-4BE5-8FB3-B6E20FEC4299}.Release|x86.ActiveCfg = Release|Win32
		{D86295D9-0884-4BE5-8FB3-B6E20FEC4299}.Release|x86.Build.0 = Release|Win32
		{37D24FB8-60F6-415D-AFE8-3FA72E64B17B}.Debug|x64.ActiveCfg = Debug|x64
		{37D24FB8-60F6-415D-AFE8-3FA72E64B17B}.Debug|x64.Build.0 = Debug|x64
		{37D24FB8-60F6-415D-AFE8-3FA72E64B17B}.Debug|x86.ActiveCfg = Debug|Win32
		{37D24FB8-60F6-415D-AFE8-3FA72E64B17B}.Debug|x86.Build.0 = Debug|Win32
		{37D24FB8-60F6-415D-AFE8-3FA72E64B17B}.Release|x64.ActiveCfg = Release|x64
		{37D24FB8-60F6-415D-AFE8-3FA72E64B17B}.Release|x64.Build.0 = Release|x64
		{37D24FB8-60F6-415D-AFE8-3FA72E64B17B}.Release|x86.ActiveCfg = Release|Win32
		{37D24FB8-60F6-415D-AFE8-3FA72E64B17B}.Release|x86.Build.0 = Release|Win32
		{E2D8D92B-34AE-4458-85E4-8AB687967A8E}.Debug|x64.ActiveCfg = Debug|x64
		{E2D8D92B-34AE-4458-85E4-8AB687967A8E}.Debug|x64.Build.0 = Debug|x64
		{E2D8D92B-34AE-4458-85E4-8AB687967A8E}.Debug|x86.ActiveCfg = Debug|Win32
		{E2D8D92B-34AE-4458-85E4-8AB687967A8E}.Debug|x86.Build.0 = Debug|Win32
		{E2D8D92B-34AE-4458-85E4-8AB687967A8E}.Release|x64.ActiveCfg = Release|x64
		{E2D8D92B-34AE-4458-85E4-8AB687967A8E}.Release|x64.Build.0 = Release|x64
		{E2D8D92B-34AE-4458-85E4-8AB687967A8E}.Release|x86.ActiveCfg = Release|Win32
		{E2D8D92B-34AE-4458-85E4-8AB687967A8E}.Release|x86.Build.0 = Release|Win32
		{BF118152-5CE6-43D8-8F67-79EE9F6BACC2}.Debug|x64.ActiveCfg = Debug|x64
		{BF118152-5CE6-43D8-8F67-79EE9F6BACC2}.Debug|x64.Build.0 = Debug|x64
		{BF118152-5CE6-43D8-8F67-79EE9F6BACC2}.Debug|x86.ActiveCfg = Debug|Win32
		{BF118152-5CE6-43D8-8F67-79EE9F6BACC2}.Debug|x86.Build.0 = Debug|Win32
		{BF118152-5CE6-43D8-8F67-79EE9F6BACC2}.Release|x64.ActiveCfg = Release|x64
		{BF118152-5CE6-43D8-8F67-79EE9F6BACC2}.Release|x64.Build.0 = Release|x64
		{BF118152-5CE6-43D8-8F67-79EE9F6BACC2}.Release|x86.ActiveCfg = Release|Win32
		{BF118152-5CE6-43D8-8F67-79EE9F6BACC2}.Release|x86.Build.0 = Release|Win32
		{276268DF-969D-4DAF-ABE9-1DBBB8B85C53}.Debug|x64.ActiveCfg = Debug|x64
		{276268DF-969D-4DAF-ABE9-1DBBB8B85C53}.Debug|x64.Build.0 = Debug|x64
		{276268DF-969D-4DAF-ABE9-1DBBB8B85C53}.Debug|x86.ActiveCfg = Debug|Win32
		{276268DF-969D-4DAF-ABE9-1DBBB8B85C53}.Debug|x86.Build.0 = Debug|Win32
		{276268DF-969D-4DAF-ABE9-1DBBB8B85C53}.Release|x64.ActiveCfg = Release|x64
		{276268DF-969D-4DAF-ABE9-1DBBB8B85C53}.Release|x64.Build.0 = Release|x64
		{276268DF-969D-4DAF-ABE9-1DBBB8B85C53}.Release|x86.ActiveCfg = Release|Win32
		{276268DF-969D-4DAF-ABE9-1DBBB8B85C53}.Release|x86.Build.0 = Release|Win32
		{E23E3319-3955-4E08-83AB-264E53ABAFCF}.Debug|x64.ActiveCfg = Debug|x64
		{E23E3319-3955-4E08-83AB-264E53ABAFCF}.Debug|x64.Build.0 = Debug|x64
		{E23E3319-3955-4E08-83AB-264E53ABAFCF}.Debug|x86.ActiveCfg = Debug|Win32
		{E23E3319-3955-4E08-83AB-264E53ABAFCF}.Debug|x86.Build.0 = Debug|Win32
		{E23E3319-3955-4E08-83AB-264E53ABAFCF}.Release|x64.ActiveCfg = Release|x64
		{E23E3319-3955-4E08-83AB-264E53ABAFCF}.Release|x64.Build.0 = Release|x64
		{E23E3319-3955-4E08-83AB-264E53ABAFCF}.Release|x86.ActiveCfg = Release|Win32
		{E23E3319-3955-4E08-83AB-264E53ABAFCF}.Release|x86.Build.0 = Release|Win32
		{04ED8C49-B5C7-45E0-9FF6-4F2098AE8AE2}.Debug|x64.ActiveCfg = Debug|x64
		{04ED8C49-B5C7-45E0-9FF6-4F2098AE8AE2}.Debug|x64.Build.0 = Debug|x64
		{04ED8C49-B5C7-45E0-9FF6-4F2098AE8AE2}.Debug|x86.ActiveCfg = Debug|Win32
		{04ED8C49-B5C7-45E0-9FF6-4F2098AE8AE2}.Debug|x86.Build.0 = Debug|Win32
		{04ED8C49-B5C7-45E0-9FF6-4F2098AE8AE2}.Release|x64.ActiveCfg = Release|x64
		{04ED8C49-B5C7-45E0-9FF6-4F2098AE8AE2}.Release|x64.Build.0 = Release|x64
		{04ED8C49-B5C7-45E0-9FF6-4F2098AE8AE2}.Release|x86.ActiveCfg = Release|Win32
		{04ED8C49-B5C7-45E0-9FF6-4F2098AE8AE2}.Release|x86.Build.0 = Release|Win32
		{FED0D8AA-70EC-4EC1-997D-54EA7360A4BB}.Debug|x64.ActiveCfg = Debug|x64
		{FED0D8AA-70EC-4EC1-997D-54EA7360A4BB}.Debug|x64.Build.0 = Debug|x64
		{FED0D8AA-70EC-4EC1-997D-54EA7360A4BB}.Debug|x86.ActiveCfg = Debug|Win32
		{FED0D8AA-70EC-4EC1-997D-54EA7360A4BB}.Debug|x86.Build.0 = Debug|Win32
		{FED0D8AA-70EC-4EC1-997D-54EA7360A4BB}.Release|x64.ActiveCfg = Release|x64
		{FED0D8AA-70EC-4EC1-997D-54EA7360A4BB}.Release|x64.Build.0 = Release|x64
		{FED0D8AA-70EC-4EC1-997D-54EA7360A4BB}.Release|x86.ActiveCfg = Release|Win32
		{FED0D8AA-70EC-4EC1-997D-54EA7360A4BB}.Release|x86.Build.0 = Release|Win32
		{6B52189E-66E0-40CD-B40E-C06D51C6946A}.Debug|x64.ActiveCfg = Debug|x64
		{6B52189E-66E0-40CD-B40E-C06D51C6946A}.Debug|x64.Build.0 = Debug|x64
		{6B52189E-66E0-40CD-B40E-C06D51C6946A}.Debug|x86.ActiveCfg = Debug|Win32
		{6B52189E-66E0-40CD-B40E-C06D51C6946A}.Debug|x86.Build.0 = Debug|Win32
		{6B52189E-66E0-40CD-B40E-C06D51C6946A}.Release|x64.ActiveCfg = Release|x64
		{6B52189E-66E0-40CD-B40E-C06D51C6946A}.Release|x64.Build.0 = Release|x64
		{6B52189E-66E0-40CD-B40E-C06D51C6946A}.Release|x86.ActiveCfg = Release|Win32
		{6B52189E-66E0-40CD-B40E-C06D51C6946A}.Release|x86.Build.0 = Release|Win32
	EndGlobalSection
	GlobalSection(SolutionProperties) = preSolution
		HideSolutionNode = FALSE
	EndGlobalSection
	GlobalSection(NestedProjects) = preSolution
		{60795462-38BD-424D-A6B4-4A5D0B18733B} = {02EA681E-C7D8-13C7-8484-4AC65E1B71E8}
		{328A2985-EA8E-4B54-A55D-916DA4982A58} = {EAD2F444-C8BC-4D8B-8B03-CE619B12D8E4}
		{8FD58A0B-8C23-4BEF-8C74-E073459ACD23} = {7C383961-A381-4A2C-85FC-E85E64B41101}
		{0E94391B-3602-4F07-9DFF-F6415D16DEC3} = {7C383961-A381-4A2C-85FC-E85E64B41101}
		{8992B211-CF24-4274-B347-86448E197A54} = {7C383961-A381-4A2C-85FC-E85E64B41101}
		{F7825426-8C76-4E53-A42D-40B62AFAC5D3} = {AC6B46CD-9D52-473D-BCF1-631E00D771F7}
		{A92573CA-2373-4BCA-A94F-EF041464CC49} = {AEB428E3-9439-4F8D-8B05-8CA16801E7E6}
		{12505B1B-30E6-4552-9FF2-732B7CAB2A4C} = {AEB428E3-9439-4F8D-8B05-8CA16801E7E6}
		{BAF0020F-2208-4CA5-A3CA-C348FDE5C8AF} = {AEB428E3-9439-4F8D-8B05-8CA16801E7E6}
		{964C1A21-E37B-48B8-A971-9F5785C92DAA} = {AD1EF7CA-F7BF-478F-9EF6-9B7086D3AE74}
		{BC4B7581-0C20-45B7-92A3-B37981A39D5B} = {AD1EF7CA-F7BF-478F-9EF6-9B7086D3AE74}
		{6D539D21-C6EF-47B5-B18D-E4F2C6E9EFFA} = {4271A598-403F-47D3-BE59-8F3A5A716541}
		{1AD87F3E-CBE3-4614-A83F-7F85244DD84A} = {4271A598-403F-47D3-BE59-8F3A5A716541}
		{05058F42-2967-4311-8242-CCBB61F4AB91} = {85904EE7-E070-474B-877E-B67626AB22B5}
		{D86295D9-0884-4BE5-8FB3-B6E20FEC4299} = {85904EE7-E070-474B-877E-B67626AB22B5}
		{37D24FB8-60F6-415D-AFE8-3FA72E64B17B} = {85904EE7-E070-474B-877E-B67626AB22B5}
		{E2D8D92B-34AE-4458-85E4-8AB687967A8E} = {85904EE7-E070-474B-877E-B67626AB22B5}
		{BF118152-5CE6-43D8-8F67-79EE9F6BACC2} = {85904EE7-E070-474B-877E-B67626AB22B5}
		{276268DF-969D-4DAF-ABE9-1DBBB8B85C53} = {85904EE7-E070-474B-877E-B67626AB22B5}
		{E23E3319-3955-4E08-83AB-264E53ABAFCF} = {85904EE7-E070-474B-877E-B67626AB22B5}
		{04ED8C49-B5C7-45E0-9FF6-4F2098AE8AE2} = {85904EE7-E070-474B-877E-B67626AB22B5}
		{FED0D8AA-70EC-4EC1-997D-54EA7360A4BB} = {85904EE7-E070-474B-877E-B67626AB22B5}
		{6B52189E-66E0-40CD-B40E-C06D51C6946A} = {4D825A1D-7674-468A-8BF0-886CD7B3FA97}
	EndGlobalSection
	GlobalSection(ExtensibilityGlobals) = postSolution
		SolutionGuid = {D857A578-A70B-4351-A145-E73C620FE367}
	EndGlobalSection
EndGlobal
