
Microsoft Visual Studio Solution File, Format Version 12.00
# Visual Studio Version 17
VisualStudioVersion = 17.14.36429.23 d17.14
MinimumVisualStudioVersion = 10.0.40219.1
Project("{FAE04EC0-301F-11D3-BF4B-00C04F79EFBC}") = "01 - Class & Object", "01 - Class & Object\01 - Class & Object.csproj", "{B02C9EB0-9B74-40A6-9A9D-A2E5413669A9}"
EndProject
Project("{FAE04EC0-301F-11D3-BF4B-00C04F79EFBC}") = "02 - Access Modifiers", "02 - AccessModifiers\02 - Access Modifiers.csproj", "{99E4D21A-1197-4F79-BE8F-3679182D3C9E}"
EndProject
Project("{FAE04EC0-301F-11D3-BF4B-00C04F79EFBC}") = "03 - Properties", "03 - Properties\03 - Properties.csproj", "{F7C96932-490B-4040-B4D7-BE16F1583863}"
EndProject
Global
	GlobalSection(SolutionConfigurationPlatforms) = preSolution
		Debug|Any CPU = Debug|Any CPU
		Release|Any CPU = Release|Any CPU
	EndGlobalSection
	GlobalSection(ProjectConfigurationPlatforms) = postSolution
		{B02C9EB0-9B74-40A6-9A9D-A2E5413669A9}.Debug|Any CPU.ActiveCfg = Debug|Any CPU
		{B02C9EB0-9B74-40A6-9A9D-A2E5413669A9}.Debug|Any CPU.Build.0 = Debug|Any CPU
		{B02C9EB0-9B74-40A6-9A9D-A2E5413669A9}.Release|Any CPU.ActiveCfg = Release|Any CPU
		{B02C9EB0-9B74-40A6-9A9D-A2E5413669A9}.Release|Any CPU.Build.0 = Release|Any CPU
		{99E4D21A-1197-4F79-BE8F-3679182D3C9E}.Debug|Any CPU.ActiveCfg = Debug|Any CPU
		{99E4D21A-1197-4F79-BE8F-3679182D3C9E}.Debug|Any CPU.Build.0 = Debug|Any CPU
		{99E4D21A-1197-4F79-BE8F-3679182D3C9E}.Release|Any CPU.ActiveCfg = Release|Any CPU
		{99E4D21A-1197-4F79-BE8F-3679182D3C9E}.Release|Any CPU.Build.0 = Release|Any CPU
		{F7C96932-490B-4040-B4D7-BE16F1583863}.Debug|Any CPU.ActiveCfg = Debug|Any CPU
		{F7C96932-490B-4040-B4D7-BE16F1583863}.Debug|Any CPU.Build.0 = Debug|Any CPU
		{F7C96932-490B-4040-B4D7-BE16F1583863}.Release|Any CPU.ActiveCfg = Release|Any CPU
		{F7C96932-490B-4040-B4D7-BE16F1583863}.Release|Any CPU.Build.0 = Release|Any CPU
	EndGlobalSection
	GlobalSection(SolutionProperties) = preSolution
		HideSolutionNode = FALSE
	EndGlobalSection
	GlobalSection(ExtensibilityGlobals) = postSolution
		SolutionGuid = {7EAD4575-E98C-4FDA-B335-941F58816B3D}
	EndGlobalSection
EndGlobal
