
Microsoft Visual Studio Solution File, Format Version 12.00
# Visual Studio Version 17
VisualStudioVersion = 17.13.35818.85
MinimumVisualStudioVersion = 10.0.40219.1
Project("{8BC9CEB8-8B4A-11D0-8D11-00A0C91BC942}") = "L02_BreakpointsAndMemoryValues", "L02_BreakpointsAndMemoryValues\L02_BreakpointsAndMemoryValues.vcxproj", "{7854906D-20F6-447A-81A2-036959C2AC03}"
EndProject
Project("{8BC9CEB8-8B4A-11D0-8D11-00A0C91BC942}") = "L03_MoreAboutBreakpoints", "L03_MoreAboutBreakpoints\L03_MoreAboutBreakpoints.vcxproj", "{66F1A102-7E5A-4B71-95FD-C861AC0969B7}"
EndProject
Project("{8BC9CEB8-8B4A-11D0-8D11-00A0C91BC942}") = "L04_AutosWindow", "L04_AutosWindow\L04_AutosWindow.vcxproj", "{C7E5B1C1-3E93-45B1-BADC-9278B3FDDF31}"
EndProject
Project("{8BC9CEB8-8B4A-11D0-8D11-00A0C91BC942}") = "L05_QuickWatchWindow", "L05_QuickWatchWindow\L05_QuickWatchWindow.vcxproj", "{2E14831C-73AF-4346-87AC-71A5A3E6A123}"
EndProject
Project("{2150E333-8FDC-42A3-9474-1A3956D46DE8}") = "01 - Debugging C++ Code", "01 - Debugging C++ Code", "{02EA681E-C7D8-13C7-8484-4AC65E1B71E8}"
EndProject
Project("{8BC9CEB8-8B4A-11D0-8D11-00A0C91BC942}") = "L06_ChangingValuesDuringRuntime", "L06_ChangingValuesDuringRuntime\L06_ChangingValuesDuringRuntime.vcxproj", "{F05EB718-8FA0-45F7-833D-768569112FDE}"
EndProject
Project("{8BC9CEB8-8B4A-11D0-8D11-00A0C91BC942}") = "L07_StepInto_Over_Out", "L07_StepInto_Over_Out\L07_StepInto_Over_Out.vcxproj", "{F2E09A24-A8F5-4CBB-B17D-527ADBCD4E7A}"
EndProject
Project("{2150E333-8FDC-42A3-9474-1A3956D46DE8}") = "02 - Miscellaneous", "02 - Miscellaneous", "{A718D03B-2735-4CD5-86BB-4C65D5370D1E}"
EndProject
Project("{8BC9CEB8-8B4A-11D0-8D11-00A0C91BC942}") = "L08_CreateYourOwnLibrary", "L08_CreateYourOwnLibrary\L08_CreateYourOwnLibrary.vcxproj", "{F17B5C61-AAC7-45A0-A80B-6F5245A978AE}"
EndProject
Project("{8BC9CEB8-8B4A-11D0-8D11-00A0C91BC942}") = "L09_TernaryOperator", "L09_TernaryOperator\L09_TernaryOperator.vcxproj", "{DF2FA7EE-1C6E-4AD8-9B20-8F3F5D31D2F3}"
EndProject
Project("{8BC9CEB8-8B4A-11D0-8D11-00A0C91BC942}") = "L10_RangedLoop", "L10_RangedLoop\L10_RangedLoop.vcxproj", "{4C75DBCD-23C4-48F6-A813-6457B6F6EFBE}"
EndProject
Project("{8BC9CEB8-8B4A-11D0-8D11-00A0C91BC942}") = "L11_ValidateNumber", "L11_ValidateNumber\L11_ValidateNumber.vcxproj", "{A3806A4D-2259-412F-BC5D-277190837CBF}"
EndProject
Project("{8BC9CEB8-8B4A-11D0-8D11-00A0C91BC942}") = "L12_BitwiseAndOperator", "L12_BitwiseAndOperator\L12_BitwiseAndOperator.vcxproj", "{CDE9DB1B-B74F-4FB0-8757-F148AAA1E656}"
EndProject
Project("{8BC9CEB8-8B4A-11D0-8D11-00A0C91BC942}") = "L13_BitwiseOrOperator", "L13_BitwiseOrOperator\L13_BitwiseOrOperator.vcxproj", "{041D363C-2D37-4A33-B35C-042BE87BBF22}"
EndProject
Global
	GlobalSection(SolutionConfigurationPlatforms) = preSolution
		Debug|x64 = Debug|x64
		Debug|x86 = Debug|x86
		Release|x64 = Release|x64
		Release|x86 = Release|x86
	EndGlobalSection
	GlobalSection(ProjectConfigurationPlatforms) = postSolution
		{7854906D-20F6-447A-81A2-036959C2AC03}.Debug|x64.ActiveCfg = Debug|x64
		{7854906D-20F6-447A-81A2-036959C2AC03}.Debug|x64.Build.0 = Debug|x64
		{7854906D-20F6-447A-81A2-036959C2AC03}.Debug|x86.ActiveCfg = Debug|Win32
		{7854906D-20F6-447A-81A2-036959C2AC03}.Debug|x86.Build.0 = Debug|Win32
		{7854906D-20F6-447A-81A2-036959C2AC03}.Release|x64.ActiveCfg = Release|x64
		{7854906D-20F6-447A-81A2-036959C2AC03}.Release|x64.Build.0 = Release|x64
		{7854906D-20F6-447A-81A2-036959C2AC03}.Release|x86.ActiveCfg = Release|Win32
		{7854906D-20F6-447A-81A2-036959C2AC03}.Release|x86.Build.0 = Release|Win32
		{66F1A102-7E5A-4B71-95FD-C861AC0969B7}.Debug|x64.ActiveCfg = Debug|x64
		{66F1A102-7E5A-4B71-95FD-C861AC0969B7}.Debug|x64.Build.0 = Debug|x64
		{66F1A102-7E5A-4B71-95FD-C861AC0969B7}.Debug|x86.ActiveCfg = Debug|Win32
		{66F1A102-7E5A-4B71-95FD-C861AC0969B7}.Debug|x86.Build.0 = Debug|Win32
		{66F1A102-7E5A-4B71-95FD-C861AC0969B7}.Release|x64.ActiveCfg = Release|x64
		{66F1A102-7E5A-4B71-95FD-C861AC0969B7}.Release|x64.Build.0 = Release|x64
		{66F1A102-7E5A-4B71-95FD-C861AC0969B7}.Release|x86.ActiveCfg = Release|Win32
		{66F1A102-7E5A-4B71-95FD-C861AC0969B7}.Release|x86.Build.0 = Release|Win32
		{C7E5B1C1-3E93-45B1-BADC-9278B3FDDF31}.Debug|x64.ActiveCfg = Debug|x64
		{C7E5B1C1-3E93-45B1-BADC-9278B3FDDF31}.Debug|x64.Build.0 = Debug|x64
		{C7E5B1C1-3E93-45B1-BADC-9278B3FDDF31}.Debug|x86.ActiveCfg = Debug|Win32
		{C7E5B1C1-3E93-45B1-BADC-9278B3FDDF31}.Debug|x86.Build.0 = Debug|Win32
		{C7E5B1C1-3E93-45B1-BADC-9278B3FDDF31}.Release|x64.ActiveCfg = Release|x64
		{C7E5B1C1-3E93-45B1-BADC-9278B3FDDF31}.Release|x64.Build.0 = Release|x64
		{C7E5B1C1-3E93-45B1-BADC-9278B3FDDF31}.Release|x86.ActiveCfg = Release|Win32
		{C7E5B1C1-3E93-45B1-BADC-9278B3FDDF31}.Release|x86.Build.0 = Release|Win32
		{2E14831C-73AF-4346-87AC-71A5A3E6A123}.Debug|x64.ActiveCfg = Debug|x64
		{2E14831C-73AF-4346-87AC-71A5A3E6A123}.Debug|x64.Build.0 = Debug|x64
		{2E14831C-73AF-4346-87AC-71A5A3E6A123}.Debug|x86.ActiveCfg = Debug|Win32
		{2E14831C-73AF-4346-87AC-71A5A3E6A123}.Debug|x86.Build.0 = Debug|Win32
		{2E14831C-73AF-4346-87AC-71A5A3E6A123}.Release|x64.ActiveCfg = Release|x64
		{2E14831C-73AF-4346-87AC-71A5A3E6A123}.Release|x64.Build.0 = Release|x64
		{2E14831C-73AF-4346-87AC-71A5A3E6A123}.Release|x86.ActiveCfg = Release|Win32
		{2E14831C-73AF-4346-87AC-71A5A3E6A123}.Release|x86.Build.0 = Release|Win32
		{F05EB718-8FA0-45F7-833D-768569112FDE}.Debug|x64.ActiveCfg = Debug|x64
		{F05EB718-8FA0-45F7-833D-768569112FDE}.Debug|x64.Build.0 = Debug|x64
		{F05EB718-8FA0-45F7-833D-768569112FDE}.Debug|x86.ActiveCfg = Debug|Win32
		{F05EB718-8FA0-45F7-833D-768569112FDE}.Debug|x86.Build.0 = Debug|Win32
		{F05EB718-8FA0-45F7-833D-768569112FDE}.Release|x64.ActiveCfg = Release|x64
		{F05EB718-8FA0-45F7-833D-768569112FDE}.Release|x64.Build.0 = Release|x64
		{F05EB718-8FA0-45F7-833D-768569112FDE}.Release|x86.ActiveCfg = Release|Win32
		{F05EB718-8FA0-45F7-833D-768569112FDE}.Release|x86.Build.0 = Release|Win32
		{F2E09A24-A8F5-4CBB-B17D-527ADBCD4E7A}.Debug|x64.ActiveCfg = Debug|x64
		{F2E09A24-A8F5-4CBB-B17D-527ADBCD4E7A}.Debug|x64.Build.0 = Debug|x64
		{F2E09A24-A8F5-4CBB-B17D-527ADBCD4E7A}.Debug|x86.ActiveCfg = Debug|Win32
		{F2E09A24-A8F5-4CBB-B17D-527ADBCD4E7A}.Debug|x86.Build.0 = Debug|Win32
		{F2E09A24-A8F5-4CBB-B17D-527ADBCD4E7A}.Release|x64.ActiveCfg = Release|x64
		{F2E09A24-A8F5-4CBB-B17D-527ADBCD4E7A}.Release|x64.Build.0 = Release|x64
		{F2E09A24-A8F5-4CBB-B17D-527ADBCD4E7A}.Release|x86.ActiveCfg = Release|Win32
		{F2E09A24-A8F5-4CBB-B17D-527ADBCD4E7A}.Release|x86.Build.0 = Release|Win32
		{F17B5C61-AAC7-45A0-A80B-6F5245A978AE}.Debug|x64.ActiveCfg = Debug|x64
		{F17B5C61-AAC7-45A0-A80B-6F5245A978AE}.Debug|x64.Build.0 = Debug|x64
		{F17B5C61-AAC7-45A0-A80B-6F5245A978AE}.Debug|x86.ActiveCfg = Debug|Win32
		{F17B5C61-AAC7-45A0-A80B-6F5245A978AE}.Debug|x86.Build.0 = Debug|Win32
		{F17B5C61-AAC7-45A0-A80B-6F5245A978AE}.Release|x64.ActiveCfg = Release|x64
		{F17B5C61-AAC7-45A0-A80B-6F5245A978AE}.Release|x64.Build.0 = Release|x64
		{F17B5C61-AAC7-45A0-A80B-6F5245A978AE}.Release|x86.ActiveCfg = Release|Win32
		{F17B5C61-AAC7-45A0-A80B-6F5245A978AE}.Release|x86.Build.0 = Release|Win32
		{DF2FA7EE-1C6E-4AD8-9B20-8F3F5D31D2F3}.Debug|x64.ActiveCfg = Debug|x64
		{DF2FA7EE-1C6E-4AD8-9B20-8F3F5D31D2F3}.Debug|x64.Build.0 = Debug|x64
		{DF2FA7EE-1C6E-4AD8-9B20-8F3F5D31D2F3}.Debug|x86.ActiveCfg = Debug|Win32
		{DF2FA7EE-1C6E-4AD8-9B20-8F3F5D31D2F3}.Debug|x86.Build.0 = Debug|Win32
		{DF2FA7EE-1C6E-4AD8-9B20-8F3F5D31D2F3}.Release|x64.ActiveCfg = Release|x64
		{DF2FA7EE-1C6E-4AD8-9B20-8F3F5D31D2F3}.Release|x64.Build.0 = Release|x64
		{DF2FA7EE-1C6E-4AD8-9B20-8F3F5D31D2F3}.Release|x86.ActiveCfg = Release|Win32
		{DF2FA7EE-1C6E-4AD8-9B20-8F3F5D31D2F3}.Release|x86.Build.0 = Release|Win32
		{4C75DBCD-23C4-48F6-A813-6457B6F6EFBE}.Debug|x64.ActiveCfg = Debug|x64
		{4C75DBCD-23C4-48F6-A813-6457B6F6EFBE}.Debug|x64.Build.0 = Debug|x64
		{4C75DBCD-23C4-48F6-A813-6457B6F6EFBE}.Debug|x86.ActiveCfg = Debug|Win32
		{4C75DBCD-23C4-48F6-A813-6457B6F6EFBE}.Debug|x86.Build.0 = Debug|Win32
		{4C75DBCD-23C4-48F6-A813-6457B6F6EFBE}.Release|x64.ActiveCfg = Release|x64
		{4C75DBCD-23C4-48F6-A813-6457B6F6EFBE}.Release|x64.Build.0 = Release|x64
		{4C75DBCD-23C4-48F6-A813-6457B6F6EFBE}.Release|x86.ActiveCfg = Release|Win32
		{4C75DBCD-23C4-48F6-A813-6457B6F6EFBE}.Release|x86.Build.0 = Release|Win32
		{A3806A4D-2259-412F-BC5D-277190837CBF}.Debug|x64.ActiveCfg = Debug|x64
		{A3806A4D-2259-412F-BC5D-277190837CBF}.Debug|x64.Build.0 = Debug|x64
		{A3806A4D-2259-412F-BC5D-277190837CBF}.Debug|x86.ActiveCfg = Debug|Win32
		{A3806A4D-2259-412F-BC5D-277190837CBF}.Debug|x86.Build.0 = Debug|Win32
		{A3806A4D-2259-412F-BC5D-277190837CBF}.Release|x64.ActiveCfg = Release|x64
		{A3806A4D-2259-412F-BC5D-277190837CBF}.Release|x64.Build.0 = Release|x64
		{A3806A4D-2259-412F-BC5D-277190837CBF}.Release|x86.ActiveCfg = Release|Win32
		{A3806A4D-2259-412F-BC5D-277190837CBF}.Release|x86.Build.0 = Release|Win32
		{CDE9DB1B-B74F-4FB0-8757-F148AAA1E656}.Debug|x64.ActiveCfg = Debug|x64
		{CDE9DB1B-B74F-4FB0-8757-F148AAA1E656}.Debug|x64.Build.0 = Debug|x64
		{CDE9DB1B-B74F-4FB0-8757-F148AAA1E656}.Debug|x86.ActiveCfg = Debug|Win32
		{CDE9DB1B-B74F-4FB0-8757-F148AAA1E656}.Debug|x86.Build.0 = Debug|Win32
		{CDE9DB1B-B74F-4FB0-8757-F148AAA1E656}.Release|x64.ActiveCfg = Release|x64
		{CDE9DB1B-B74F-4FB0-8757-F148AAA1E656}.Release|x64.Build.0 = Release|x64
		{CDE9DB1B-B74F-4FB0-8757-F148AAA1E656}.Release|x86.ActiveCfg = Release|Win32
		{CDE9DB1B-B74F-4FB0-8757-F148AAA1E656}.Release|x86.Build.0 = Release|Win32
		{041D363C-2D37-4A33-B35C-042BE87BBF22}.Debug|x64.ActiveCfg = Debug|x64
		{041D363C-2D37-4A33-B35C-042BE87BBF22}.Debug|x64.Build.0 = Debug|x64
		{041D363C-2D37-4A33-B35C-042BE87BBF22}.Debug|x86.ActiveCfg = Debug|Win32
		{041D363C-2D37-4A33-B35C-042BE87BBF22}.Debug|x86.Build.0 = Debug|Win32
		{041D363C-2D37-4A33-B35C-042BE87BBF22}.Release|x64.ActiveCfg = Release|x64
		{041D363C-2D37-4A33-B35C-042BE87BBF22}.Release|x64.Build.0 = Release|x64
		{041D363C-2D37-4A33-B35C-042BE87BBF22}.Release|x86.ActiveCfg = Release|Win32
		{041D363C-2D37-4A33-B35C-042BE87BBF22}.Release|x86.Build.0 = Release|Win32
	EndGlobalSection
	GlobalSection(SolutionProperties) = preSolution
		HideSolutionNode = FALSE
	EndGlobalSection
	GlobalSection(NestedProjects) = preSolution
		{7854906D-20F6-447A-81A2-036959C2AC03} = {02EA681E-C7D8-13C7-8484-4AC65E1B71E8}
		{66F1A102-7E5A-4B71-95FD-C861AC0969B7} = {02EA681E-C7D8-13C7-8484-4AC65E1B71E8}
		{C7E5B1C1-3E93-45B1-BADC-9278B3FDDF31} = {02EA681E-C7D8-13C7-8484-4AC65E1B71E8}
		{2E14831C-73AF-4346-87AC-71A5A3E6A123} = {02EA681E-C7D8-13C7-8484-4AC65E1B71E8}
		{F05EB718-8FA0-45F7-833D-768569112FDE} = {02EA681E-C7D8-13C7-8484-4AC65E1B71E8}
		{F2E09A24-A8F5-4CBB-B17D-527ADBCD4E7A} = {02EA681E-C7D8-13C7-8484-4AC65E1B71E8}
		{F17B5C61-AAC7-45A0-A80B-6F5245A978AE} = {A718D03B-2735-4CD5-86BB-4C65D5370D1E}
		{DF2FA7EE-1C6E-4AD8-9B20-8F3F5D31D2F3} = {A718D03B-2735-4CD5-86BB-4C65D5370D1E}
		{4C75DBCD-23C4-48F6-A813-6457B6F6EFBE} = {A718D03B-2735-4CD5-86BB-4C65D5370D1E}
		{A3806A4D-2259-412F-BC5D-277190837CBF} = {A718D03B-2735-4CD5-86BB-4C65D5370D1E}
		{CDE9DB1B-B74F-4FB0-8757-F148AAA1E656} = {A718D03B-2735-4CD5-86BB-4C65D5370D1E}
		{041D363C-2D37-4A33-B35C-042BE87BBF22} = {A718D03B-2735-4CD5-86BB-4C65D5370D1E}
	EndGlobalSection
	GlobalSection(ExtensibilityGlobals) = postSolution
		SolutionGuid = {5E76048F-3477-49F3-A49E-CDEAABEFDA94}
	EndGlobalSection
EndGlobal
