
Microsoft Visual Studio Solution File, Format Version 12.00
# Visual Studio Version 17
VisualStudioVersion = 17.13.35818.85
MinimumVisualStudioVersion = 10.0.40219.1
Project("{8BC9CEB8-8B4A-11D0-8D11-00A0C91BC942}") = "L02_BreakpointsAndMemoryValues", "L02_BreakpointsAndMemoryValues\L02_BreakpointsAndMemoryValues.vcxproj", "{7854906D-20F6-447A-81A2-036959C2AC03}"
EndProject
Project("{8BC9CEB8-8B4A-11D0-8D11-00A0C91BC942}") = "L03_MoreAboutBreakpoints", "L03_MoreAboutBreakpoints\L03_MoreAboutBreakpoints.vcxproj", "{66F1A102-7E5A-4B71-95FD-C861AC0969B7}"
EndProject
Project("{8BC9CEB8-8B4A-11D0-8D11-00A0C91BC942}") = "L04_AutosWindow", "L04_AutosWindow\L04_AutosWindow.vcxproj", "{C7E5B1C1-3E93-45B1-BADC-9278B3FDDF31}"
EndProject
Project("{8BC9CEB8-8B4A-11D0-8D11-00A0C91BC942}") = "L05_QuickWatchWindow", "L05_QuickWatchWindow\L05_QuickWatchWindow.vcxproj", "{2E14831C-73AF-4346-87AC-71A5A3E6A123}"
EndProject
Project("{2150E333-8FDC-42A3-9474-1A3956D46DE8}") = "01 - Debugging C++ Code", "01 - Debugging C++ Code", "{02EA681E-C7D8-13C7-8484-4AC65E1B71E8}"
EndProject
Project("{8BC9CEB8-8B4A-11D0-8D11-00A0C91BC942}") = "L06_ChangingValuesDuringRuntime", "L06_ChangingValuesDuringRuntime\L06_ChangingValuesDuringRuntime.vcxproj", "{F05EB718-8FA0-45F7-833D-768569112FDE}"
EndProject
Project("{8BC9CEB8-8B4A-11D0-8D11-00A0C91BC942}") = "L07_StepInto_Over_Out", "L07_StepInto_Over_Out\L07_StepInto_Over_Out.vcxproj", "{F2E09A24-A8F5-4CBB-B17D-527ADBCD4E7A}"
EndProject
Project("{2150E333-8FDC-42A3-9474-1A3956D46DE8}") = "02 - Miscellaneous", "02 - Miscellaneous", "{A718D03B-2735-4CD5-86BB-4C65D5370D1E}"
EndProject
Project("{8BC9CEB8-8B4A-11D0-8D11-00A0C91BC942}") = "L08_CreateYourOwnLibrary", "L08_CreateYourOwnLibrary\L08_CreateYourOwnLibrary.vcxproj", "{F17B5C61-AAC7-45A0-A80B-6F5245A978AE}"
EndProject
Project("{8BC9CEB8-8B4A-11D0-8D11-00A0C91BC942}") = "L09_TernaryOperator", "L09_TernaryOperator\L09_TernaryOperator.vcxproj", "{DF2FA7EE-1C6E-4AD8-9B20-8F3F5D31D2F3}"
EndProject
Project("{8BC9CEB8-8B4A-11D0-8D11-00A0C91BC942}") = "L10_RangedLoop", "L10_RangedLoop\L10_RangedLoop.vcxproj", "{4C75DBCD-23C4-48F6-A813-6457B6F6EFBE}"
EndProject
Project("{8BC9CEB8-8B4A-11D0-8D11-00A0C91BC942}") = "L11_ValidateNumber", "L11_ValidateNumber\L11_ValidateNumber.vcxproj", "{A3806A4D-2259-412F-BC5D-277190837CBF}"
EndProject
Project("{8BC9CEB8-8B4A-11D0-8D11-00A0C91BC942}") = "L12_BitwiseAndOperator", "L12_BitwiseAndOperator\L12_BitwiseAndOperator.vcxproj", "{CDE9DB1B-B74F-4FB0-8757-F148AAA1E656}"
EndProject
Project("{8BC9CEB8-8B4A-11D0-8D11-00A0C91BC942}") = "L13_BitwiseOrOperator", "L13_BitwiseOrOperator\L13_BitwiseOrOperator.vcxproj", "{041D363C-2D37-4A33-B35C-042BE87BBF22}"
EndProject
Project("{2150E333-8FDC-42A3-9474-1A3956D46DE8}") = "03 - More About Functions", "03 - More About Functions", "{8368240F-1C41-4A66-9544-E17BBCE2D244}"
EndProject
Project("{8BC9CEB8-8B4A-11D0-8D11-00A0C91BC942}") = "L14_DeclarationVsDefinition", "L14_DeclarationVsDefinition\L14_DeclarationVsDefinition.vcxproj", "{2A021B32-76B7-4717-9F37-E6472C24C106}"
EndProject
Project("{8BC9CEB8-8B4A-11D0-8D11-00A0C91BC942}") = "L15_DefaultParameters", "L15_DefaultParameters\L15_DefaultParameters.vcxproj", "{EBEF5AA9-1060-4BD9-8DF3-34B381A24D7F}"
EndProject
Project("{8BC9CEB8-8B4A-11D0-8D11-00A0C91BC942}") = "L16_FunctionOverloading", "L16_FunctionOverloading\L16_FunctionOverloading.vcxproj", "{D02BA4B2-F42F-4244-8D32-0737DA8DB4DC}"
EndProject
Project("{8BC9CEB8-8B4A-11D0-8D11-00A0C91BC942}") = "L17_CallStack_CallHierarchy", "L17_CallStack_CallHierarchy\L17_CallStack_CallHierarchy.vcxproj", "{160EECDB-2D68-4331-A906-9FB86B973E92}"
EndProject
Project("{8BC9CEB8-8B4A-11D0-8D11-00A0C91BC942}") = "L18_VsFunctionTips", "L18_VsFunctionTips\L18_VsFunctionTips.vcxproj", "{8030EC09-BA46-4B3C-9D14-4F1114E93F90}"
EndProject
Project("{8BC9CEB8-8B4A-11D0-8D11-00A0C91BC942}") = "L19_Recursion", "L19_Recursion\L19_Recursion.vcxproj", "{8C8DB42B-7E7A-4AF6-A62C-869714618029}"
EndProject
Project("{2150E333-8FDC-42A3-9474-1A3956D46DE8}") = "04 - More About Variables", "04 - More About Variables", "{AD9F1BE1-A698-44A6-AD97-EFE43F122D11}"
EndProject
Project("{8BC9CEB8-8B4A-11D0-8D11-00A0C91BC942}") = "L20_StaticVariable", "L20_StaticVariable\L20_StaticVariable.vcxproj", "{6CE831E9-6E3E-4076-A084-C16E94D1BCB9}"
EndProject
Project("{8BC9CEB8-8B4A-11D0-8D11-00A0C91BC942}") = "L21_AutomaticVariables", "L21_AutomaticVariables\L21_AutomaticVariables.vcxproj", "{7F861A14-F649-4D38-A7B1-2B593400D1D1}"
EndProject
Project("{8BC9CEB8-8B4A-11D0-8D11-00A0C91BC942}") = "L22_RegisterVariables", "L22_RegisterVariables\L22_RegisterVariables.vcxproj", "{059DC3E6-ED5F-4F47-84D6-F506B8CE4A3F}"
EndProject
Project("{2150E333-8FDC-42A3-9474-1A3956D46DE8}") = "05 - Printing & Formatting", "05 - Printing & Formatting", "{8225770E-62D6-4300-B01C-F84BB65A3C25}"
EndProject
Project("{8BC9CEB8-8B4A-11D0-8D11-00A0C91BC942}") = "L23_IntegerFormat_Printf", "L23_IntegerFormat_Printf\L23_IntegerFormat_Printf.vcxproj", "{C54E5FF4-905F-4ADF-8073-9F9043F546FD}"
EndProject
Project("{8BC9CEB8-8B4A-11D0-8D11-00A0C91BC942}") = "L24_FloatFormatting_Printf", "L24_FloatFormatting_Printf\L24_FloatFormatting_Printf.vcxproj", "{4F9600C8-2EB2-481C-B00B-89E01AECF10A}"
EndProject
Project("{2150E333-8FDC-42A3-9474-1A3956D46DE8}") = "06 - More About Arrays", "06 - More About Arrays", "{41BDE1E7-AB92-4F14-8272-8E899B9F151E}"
EndProject
Project("{8BC9CEB8-8B4A-11D0-8D11-00A0C91BC942}") = "L27_2DimensionalArrays", "L27_2DimensionalArrays\L27_2DimensionalArrays.vcxproj", "{E3332581-DECA-4597-99EB-9B1C445FCC71}"
EndProject
Project("{8BC9CEB8-8B4A-11D0-8D11-00A0C91BC942}") = "L25_StringAndCharacterFormatting", "L25_StringAndCharacterFormatting\L25_StringAndCharacterFormatting.vcxproj", "{2B7FC249-633C-4AF7-B7A4-7269DF824504}"
EndProject
Project("{8BC9CEB8-8B4A-11D0-8D11-00A0C91BC942}") = "L26_SetwManipulator", "L26_SetwManipulator\L26_SetwManipulator.vcxproj", "{E7CE2F13-5CEA-4F91-BF53-E86A2C255FA3}"
EndProject
Project("{2150E333-8FDC-42A3-9474-1A3956D46DE8}") = "07 - Vectors Part 1", "07 - Vectors Part 1", "{2ED1AEFF-289C-4D46-9202-B1FDB89A4A3E}"
EndProject
Project("{8BC9CEB8-8B4A-11D0-8D11-00A0C91BC942}") = "L28_IntroductionToVectors", "L28_IntroductionToVectors\L28_IntroductionToVectors.vcxproj", "{FDAE8465-AEDA-4E9C-B5DD-FAC9D1CC88EE}"
EndProject
Project("{8BC9CEB8-8B4A-11D0-8D11-00A0C91BC942}") = "L29_AddElementsToVector", "L29_AddElementsToVector\L29_AddElementsToVector.vcxproj", "{60C06483-F09D-4FBC-9366-5D59E29057CF}"
EndProject
Project("{8BC9CEB8-8B4A-11D0-8D11-00A0C91BC942}") = "L30_VectorOfStructre", "L30_VectorOfStructre\L30_VectorOfStructre.vcxproj", "{481D603E-8C20-46E6-B6E5-55E4B2ED8D77}"
EndProject
Project("{8BC9CEB8-8B4A-11D0-8D11-00A0C91BC942}") = "L31_RemoveElementsFromVector", "L31_RemoveElementsFromVector\L31_RemoveElementsFromVector.vcxproj", "{8965EAE5-C9E2-4AD4-857C-3D0306FB2206}"
EndProject
Project("{8BC9CEB8-8B4A-11D0-8D11-00A0C91BC942}") = "L32_VectorFunctions", "L32_VectorFunctions\L32_VectorFunctions.vcxproj", "{9AE03AE7-61C9-4873-AEFA-D95544252033}"
EndProject
Project("{2150E333-8FDC-42A3-9474-1A3956D46DE8}") = "08 - References", "08 - References", "{9E02D784-545B-45F1-B0ED-46165D3A98C9}"
EndProject
Project("{8BC9CEB8-8B4A-11D0-8D11-00A0C91BC942}") = "L33_ReferencesReview", "L33_ReferencesReview\L33_ReferencesReview.vcxproj", "{91C85217-A419-415D-84D6-F9AE8986A2BE}"
EndProject
Project("{8BC9CEB8-8B4A-11D0-8D11-00A0C91BC942}") = "L34_CreatingReferences", "L34_CreatingReferences\L34_CreatingReferences.vcxproj", "{60411846-F62D-4F8C-AF8C-1C94AA5A737E}"
EndProject
Project("{2150E333-8FDC-42A3-9474-1A3956D46DE8}") = "09 - Pointers", "09 - Pointers", "{E634A871-F10A-41D2-84BE-3B35FAC50672}"
EndProject
Project("{8BC9CEB8-8B4A-11D0-8D11-00A0C91BC942}") = "L35_IntroToPointers", "L35_IntroToPointers\L35_IntroToPointers.vcxproj", "{227797C3-A0AB-4A00-8DFB-2A86A3C67143}"
EndProject
Project("{8BC9CEB8-8B4A-11D0-8D11-00A0C91BC942}") = "L36_DereferencingPointers", "L36_DereferencingPointers\L36_DereferencingPointers.vcxproj", "{ACF87B8F-87E2-43CD-A70B-432F7C585D89}"
EndProject
Project("{8BC9CEB8-8B4A-11D0-8D11-00A0C91BC942}") = "L37_CommonMistakesWithPointers", "L37_CommonMistakesWithPointers\L37_CommonMistakesWithPointers.vcxproj", "{6871DD72-CD3D-440B-B8D2-F6D0B3D120C2}"
EndProject
Project("{8BC9CEB8-8B4A-11D0-8D11-00A0C91BC942}") = "L38_PointersVsReferences", "L38_PointersVsReferences\L38_PointersVsReferences.vcxproj", "{A353C823-206A-40EC-B279-E076D136AB74}"
EndProject
Project("{8BC9CEB8-8B4A-11D0-8D11-00A0C91BC942}") = "L39_CallByReferenceUsingPointers", "L39_CallByReferenceUsingPointers\L39_CallByReferenceUsingPointers.vcxproj", "{E0576649-1BAD-4C11-9DA6-4617EF0ECE4F}"
EndProject
Project("{8BC9CEB8-8B4A-11D0-8D11-00A0C91BC942}") = "L40_PointersAndArrays", "L40_PointersAndArrays\L40_PointersAndArrays.vcxproj", "{59CC4EC3-6124-4EB4-98C1-5631858F3304}"
EndProject
Project("{8BC9CEB8-8B4A-11D0-8D11-00A0C91BC942}") = "L41_PointersAndStructs", "L41_PointersAndStructs\L41_PointersAndStructs.vcxproj", "{1AFDAD19-E125-474A-B4A0-35861B4A6DE3}"
EndProject
Project("{8BC9CEB8-8B4A-11D0-8D11-00A0C91BC942}") = "L42_VoidPointers", "L42_VoidPointers\L42_VoidPointers.vcxproj", "{7D394254-895B-4264-9C47-55C47776F3CE}"
EndProject
Project("{2150E333-8FDC-42A3-9474-1A3956D46DE8}") = "10 - Dynamic Memory Allocation", "10 - Dynamic Memory Allocation", "{09B66FB5-B899-45F2-A096-482E86BB79BC}"
EndProject
Project("{8BC9CEB8-8B4A-11D0-8D11-00A0C91BC942}") = "L43_MemoryManagement_NewAndDelete", "L43_MemoryManagement_NewAndDelete\L43_MemoryManagement_NewAndDelete.vcxproj", "{DED4CF0C-E686-48AF-A148-3D6F2E60D562}"
EndProject
Project("{8BC9CEB8-8B4A-11D0-8D11-00A0C91BC942}") = "L44_DynamicArrays", "L44_DynamicArrays\L44_DynamicArrays.vcxproj", "{8232C494-3823-45E9-BAD7-443127450AE2}"
EndProject
Global
	GlobalSection(SolutionConfigurationPlatforms) = preSolution
		Debug|x64 = Debug|x64
		Debug|x86 = Debug|x86
		Release|x64 = Release|x64
		Release|x86 = Release|x86
	EndGlobalSection
	GlobalSection(ProjectConfigurationPlatforms) = postSolution
		{7854906D-20F6-447A-81A2-036959C2AC03}.Debug|x64.ActiveCfg = Debug|x64
		{7854906D-20F6-447A-81A2-036959C2AC03}.Debug|x64.Build.0 = Debug|x64
		{7854906D-20F6-447A-81A2-036959C2AC03}.Debug|x86.ActiveCfg = Debug|Win32
		{7854906D-20F6-447A-81A2-036959C2AC03}.Debug|x86.Build.0 = Debug|Win32
		{7854906D-20F6-447A-81A2-036959C2AC03}.Release|x64.ActiveCfg = Release|x64
		{7854906D-20F6-447A-81A2-036959C2AC03}.Release|x64.Build.0 = Release|x64
		{7854906D-20F6-447A-81A2-036959C2AC03}.Release|x86.ActiveCfg = Release|Win32
		{7854906D-20F6-447A-81A2-036959C2AC03}.Release|x86.Build.0 = Release|Win32
		{66F1A102-7E5A-4B71-95FD-C861AC0969B7}.Debug|x64.ActiveCfg = Debug|x64
		{66F1A102-7E5A-4B71-95FD-C861AC0969B7}.Debug|x64.Build.0 = Debug|x64
		{66F1A102-7E5A-4B71-95FD-C861AC0969B7}.Debug|x86.ActiveCfg = Debug|Win32
		{66F1A102-7E5A-4B71-95FD-C861AC0969B7}.Debug|x86.Build.0 = Debug|Win32
		{66F1A102-7E5A-4B71-95FD-C861AC0969B7}.Release|x64.ActiveCfg = Release|x64
		{66F1A102-7E5A-4B71-95FD-C861AC0969B7}.Release|x64.Build.0 = Release|x64
		{66F1A102-7E5A-4B71-95FD-C861AC0969B7}.Release|x86.ActiveCfg = Release|Win32
		{66F1A102-7E5A-4B71-95FD-C861AC0969B7}.Release|x86.Build.0 = Release|Win32
		{C7E5B1C1-3E93-45B1-BADC-9278B3FDDF31}.Debug|x64.ActiveCfg = Debug|x64
		{C7E5B1C1-3E93-45B1-BADC-9278B3FDDF31}.Debug|x64.Build.0 = Debug|x64
		{C7E5B1C1-3E93-45B1-BADC-9278B3FDDF31}.Debug|x86.ActiveCfg = Debug|Win32
		{C7E5B1C1-3E93-45B1-BADC-9278B3FDDF31}.Debug|x86.Build.0 = Debug|Win32
		{C7E5B1C1-3E93-45B1-BADC-9278B3FDDF31}.Release|x64.ActiveCfg = Release|x64
		{C7E5B1C1-3E93-45B1-BADC-9278B3FDDF31}.Release|x64.Build.0 = Release|x64
		{C7E5B1C1-3E93-45B1-BADC-9278B3FDDF31}.Release|x86.ActiveCfg = Release|Win32
		{C7E5B1C1-3E93-45B1-BADC-9278B3FDDF31}.Release|x86.Build.0 = Release|Win32
		{2E14831C-73AF-4346-87AC-71A5A3E6A123}.Debug|x64.ActiveCfg = Debug|x64
		{2E14831C-73AF-4346-87AC-71A5A3E6A123}.Debug|x64.Build.0 = Debug|x64
		{2E14831C-73AF-4346-87AC-71A5A3E6A123}.Debug|x86.ActiveCfg = Debug|Win32
		{2E14831C-73AF-4346-87AC-71A5A3E6A123}.Debug|x86.Build.0 = Debug|Win32
		{2E14831C-73AF-4346-87AC-71A5A3E6A123}.Release|x64.ActiveCfg = Release|x64
		{2E14831C-73AF-4346-87AC-71A5A3E6A123}.Release|x64.Build.0 = Release|x64
		{2E14831C-73AF-4346-87AC-71A5A3E6A123}.Release|x86.ActiveCfg = Release|Win32
		{2E14831C-73AF-4346-87AC-71A5A3E6A123}.Release|x86.Build.0 = Release|Win32
		{F05EB718-8FA0-45F7-833D-768569112FDE}.Debug|x64.ActiveCfg = Debug|x64
		{F05EB718-8FA0-45F7-833D-768569112FDE}.Debug|x64.Build.0 = Debug|x64
		{F05EB718-8FA0-45F7-833D-768569112FDE}.Debug|x86.ActiveCfg = Debug|Win32
		{F05EB718-8FA0-45F7-833D-768569112FDE}.Debug|x86.Build.0 = Debug|Win32
		{F05EB718-8FA0-45F7-833D-768569112FDE}.Release|x64.ActiveCfg = Release|x64
		{F05EB718-8FA0-45F7-833D-768569112FDE}.Release|x64.Build.0 = Release|x64
		{F05EB718-8FA0-45F7-833D-768569112FDE}.Release|x86.ActiveCfg = Release|Win32
		{F05EB718-8FA0-45F7-833D-768569112FDE}.Release|x86.Build.0 = Release|Win32
		{F2E09A24-A8F5-4CBB-B17D-527ADBCD4E7A}.Debug|x64.ActiveCfg = Debug|x64
		{F2E09A24-A8F5-4CBB-B17D-527ADBCD4E7A}.Debug|x64.Build.0 = Debug|x64
		{F2E09A24-A8F5-4CBB-B17D-527ADBCD4E7A}.Debug|x86.ActiveCfg = Debug|Win32
		{F2E09A24-A8F5-4CBB-B17D-527ADBCD4E7A}.Debug|x86.Build.0 = Debug|Win32
		{F2E09A24-A8F5-4CBB-B17D-527ADBCD4E7A}.Release|x64.ActiveCfg = Release|x64
		{F2E09A24-A8F5-4CBB-B17D-527ADBCD4E7A}.Release|x64.Build.0 = Release|x64
		{F2E09A24-A8F5-4CBB-B17D-527ADBCD4E7A}.Release|x86.ActiveCfg = Release|Win32
		{F2E09A24-A8F5-4CBB-B17D-527ADBCD4E7A}.Release|x86.Build.0 = Release|Win32
		{F17B5C61-AAC7-45A0-A80B-6F5245A978AE}.Debug|x64.ActiveCfg = Debug|x64
		{F17B5C61-AAC7-45A0-A80B-6F5245A978AE}.Debug|x64.Build.0 = Debug|x64
		{F17B5C61-AAC7-45A0-A80B-6F5245A978AE}.Debug|x86.ActiveCfg = Debug|Win32
		{F17B5C61-AAC7-45A0-A80B-6F5245A978AE}.Debug|x86.Build.0 = Debug|Win32
		{F17B5C61-AAC7-45A0-A80B-6F5245A978AE}.Release|x64.ActiveCfg = Release|x64
		{F17B5C61-AAC7-45A0-A80B-6F5245A978AE}.Release|x64.Build.0 = Release|x64
		{F17B5C61-AAC7-45A0-A80B-6F5245A978AE}.Release|x86.ActiveCfg = Release|Win32
		{F17B5C61-AAC7-45A0-A80B-6F5245A978AE}.Release|x86.Build.0 = Release|Win32
		{DF2FA7EE-1C6E-4AD8-9B20-8F3F5D31D2F3}.Debug|x64.ActiveCfg = Debug|x64
		{DF2FA7EE-1C6E-4AD8-9B20-8F3F5D31D2F3}.Debug|x64.Build.0 = Debug|x64
		{DF2FA7EE-1C6E-4AD8-9B20-8F3F5D31D2F3}.Debug|x86.ActiveCfg = Debug|Win32
		{DF2FA7EE-1C6E-4AD8-9B20-8F3F5D31D2F3}.Debug|x86.Build.0 = Debug|Win32
		{DF2FA7EE-1C6E-4AD8-9B20-8F3F5D31D2F3}.Release|x64.ActiveCfg = Release|x64
		{DF2FA7EE-1C6E-4AD8-9B20-8F3F5D31D2F3}.Release|x64.Build.0 = Release|x64
		{DF2FA7EE-1C6E-4AD8-9B20-8F3F5D31D2F3}.Release|x86.ActiveCfg = Release|Win32
		{DF2FA7EE-1C6E-4AD8-9B20-8F3F5D31D2F3}.Release|x86.Build.0 = Release|Win32
		{4C75DBCD-23C4-48F6-A813-6457B6F6EFBE}.Debug|x64.ActiveCfg = Debug|x64
		{4C75DBCD-23C4-48F6-A813-6457B6F6EFBE}.Debug|x64.Build.0 = Debug|x64
		{4C75DBCD-23C4-48F6-A813-6457B6F6EFBE}.Debug|x86.ActiveCfg = Debug|Win32
		{4C75DBCD-23C4-48F6-A813-6457B6F6EFBE}.Debug|x86.Build.0 = Debug|Win32
		{4C75DBCD-23C4-48F6-A813-6457B6F6EFBE}.Release|x64.ActiveCfg = Release|x64
		{4C75DBCD-23C4-48F6-A813-6457B6F6EFBE}.Release|x64.Build.0 = Release|x64
		{4C75DBCD-23C4-48F6-A813-6457B6F6EFBE}.Release|x86.ActiveCfg = Release|Win32
		{4C75DBCD-23C4-48F6-A813-6457B6F6EFBE}.Release|x86.Build.0 = Release|Win32
		{A3806A4D-2259-412F-BC5D-277190837CBF}.Debug|x64.ActiveCfg = Debug|x64
		{A3806A4D-2259-412F-BC5D-277190837CBF}.Debug|x64.Build.0 = Debug|x64
		{A3806A4D-2259-412F-BC5D-277190837CBF}.Debug|x86.ActiveCfg = Debug|Win32
		{A3806A4D-2259-412F-BC5D-277190837CBF}.Debug|x86.Build.0 = Debug|Win32
		{A3806A4D-2259-412F-BC5D-277190837CBF}.Release|x64.ActiveCfg = Release|x64
		{A3806A4D-2259-412F-BC5D-277190837CBF}.Release|x64.Build.0 = Release|x64
		{A3806A4D-2259-412F-BC5D-277190837CBF}.Release|x86.ActiveCfg = Release|Win32
		{A3806A4D-2259-412F-BC5D-277190837CBF}.Release|x86.Build.0 = Release|Win32
		{CDE9DB1B-B74F-4FB0-8757-F148AAA1E656}.Debug|x64.ActiveCfg = Debug|x64
		{CDE9DB1B-B74F-4FB0-8757-F148AAA1E656}.Debug|x64.Build.0 = Debug|x64
		{CDE9DB1B-B74F-4FB0-8757-F148AAA1E656}.Debug|x86.ActiveCfg = Debug|Win32
		{CDE9DB1B-B74F-4FB0-8757-F148AAA1E656}.Debug|x86.Build.0 = Debug|Win32
		{CDE9DB1B-B74F-4FB0-8757-F148AAA1E656}.Release|x64.ActiveCfg = Release|x64
		{CDE9DB1B-B74F-4FB0-8757-F148AAA1E656}.Release|x64.Build.0 = Release|x64
		{CDE9DB1B-B74F-4FB0-8757-F148AAA1E656}.Release|x86.ActiveCfg = Release|Win32
		{CDE9DB1B-B74F-4FB0-8757-F148AAA1E656}.Release|x86.Build.0 = Release|Win32
		{041D363C-2D37-4A33-B35C-042BE87BBF22}.Debug|x64.ActiveCfg = Debug|x64
		{041D363C-2D37-4A33-B35C-042BE87BBF22}.Debug|x64.Build.0 = Debug|x64
		{041D363C-2D37-4A33-B35C-042BE87BBF22}.Debug|x86.ActiveCfg = Debug|Win32
		{041D363C-2D37-4A33-B35C-042BE87BBF22}.Debug|x86.Build.0 = Debug|Win32
		{041D363C-2D37-4A33-B35C-042BE87BBF22}.Release|x64.ActiveCfg = Release|x64
		{041D363C-2D37-4A33-B35C-042BE87BBF22}.Release|x64.Build.0 = Release|x64
		{041D363C-2D37-4A33-B35C-042BE87BBF22}.Release|x86.ActiveCfg = Release|Win32
		{041D363C-2D37-4A33-B35C-042BE87BBF22}.Release|x86.Build.0 = Release|Win32
		{2A021B32-76B7-4717-9F37-E6472C24C106}.Debug|x64.ActiveCfg = Debug|x64
		{2A021B32-76B7-4717-9F37-E6472C24C106}.Debug|x64.Build.0 = Debug|x64
		{2A021B32-76B7-4717-9F37-E6472C24C106}.Debug|x86.ActiveCfg = Debug|Win32
		{2A021B32-76B7-4717-9F37-E6472C24C106}.Debug|x86.Build.0 = Debug|Win32
		{2A021B32-76B7-4717-9F37-E6472C24C106}.Release|x64.ActiveCfg = Release|x64
		{2A021B32-76B7-4717-9F37-E6472C24C106}.Release|x64.Build.0 = Release|x64
		{2A021B32-76B7-4717-9F37-E6472C24C106}.Release|x86.ActiveCfg = Release|Win32
		{2A021B32-76B7-4717-9F37-E6472C24C106}.Release|x86.Build.0 = Release|Win32
		{EBEF5AA9-1060-4BD9-8DF3-34B381A24D7F}.Debug|x64.ActiveCfg = Debug|x64
		{EBEF5AA9-1060-4BD9-8DF3-34B381A24D7F}.Debug|x64.Build.0 = Debug|x64
		{EBEF5AA9-1060-4BD9-8DF3-34B381A24D7F}.Debug|x86.ActiveCfg = Debug|Win32
		{EBEF5AA9-1060-4BD9-8DF3-34B381A24D7F}.Debug|x86.Build.0 = Debug|Win32
		{EBEF5AA9-1060-4BD9-8DF3-34B381A24D7F}.Release|x64.ActiveCfg = Release|x64
		{EBEF5AA9-1060-4BD9-8DF3-34B381A24D7F}.Release|x64.Build.0 = Release|x64
		{EBEF5AA9-1060-4BD9-8DF3-34B381A24D7F}.Release|x86.ActiveCfg = Release|Win32
		{EBEF5AA9-1060-4BD9-8DF3-34B381A24D7F}.Release|x86.Build.0 = Release|Win32
		{D02BA4B2-F42F-4244-8D32-0737DA8DB4DC}.Debug|x64.ActiveCfg = Debug|x64
		{D02BA4B2-F42F-4244-8D32-0737DA8DB4DC}.Debug|x64.Build.0 = Debug|x64
		{D02BA4B2-F42F-4244-8D32-0737DA8DB4DC}.Debug|x86.ActiveCfg = Debug|Win32
		{D02BA4B2-F42F-4244-8D32-0737DA8DB4DC}.Debug|x86.Build.0 = Debug|Win32
		{D02BA4B2-F42F-4244-8D32-0737DA8DB4DC}.Release|x64.ActiveCfg = Release|x64
		{D02BA4B2-F42F-4244-8D32-0737DA8DB4DC}.Release|x64.Build.0 = Release|x64
		{D02BA4B2-F42F-4244-8D32-0737DA8DB4DC}.Release|x86.ActiveCfg = Release|Win32
		{D02BA4B2-F42F-4244-8D32-0737DA8DB4DC}.Release|x86.Build.0 = Release|Win32
		{160EECDB-2D68-4331-A906-9FB86B973E92}.Debug|x64.ActiveCfg = Debug|x64
		{160EECDB-2D68-4331-A906-9FB86B973E92}.Debug|x64.Build.0 = Debug|x64
		{160EECDB-2D68-4331-A906-9FB86B973E92}.Debug|x86.ActiveCfg = Debug|Win32
		{160EECDB-2D68-4331-A906-9FB86B973E92}.Debug|x86.Build.0 = Debug|Win32
		{160EECDB-2D68-4331-A906-9FB86B973E92}.Release|x64.ActiveCfg = Release|x64
		{160EECDB-2D68-4331-A906-9FB86B973E92}.Release|x64.Build.0 = Release|x64
		{160EECDB-2D68-4331-A906-9FB86B973E92}.Release|x86.ActiveCfg = Release|Win32
		{160EECDB-2D68-4331-A906-9FB86B973E92}.Release|x86.Build.0 = Release|Win32
		{8030EC09-BA46-4B3C-9D14-4F1114E93F90}.Debug|x64.ActiveCfg = Debug|x64
		{8030EC09-BA46-4B3C-9D14-4F1114E93F90}.Debug|x64.Build.0 = Debug|x64
		{8030EC09-BA46-4B3C-9D14-4F1114E93F90}.Debug|x86.ActiveCfg = Debug|Win32
		{8030EC09-BA46-4B3C-9D14-4F1114E93F90}.Debug|x86.Build.0 = Debug|Win32
		{8030EC09-BA46-4B3C-9D14-4F1114E93F90}.Release|x64.ActiveCfg = Release|x64
		{8030EC09-BA46-4B3C-9D14-4F1114E93F90}.Release|x64.Build.0 = Release|x64
		{8030EC09-BA46-4B3C-9D14-4F1114E93F90}.Release|x86.ActiveCfg = Release|Win32
		{8030EC09-BA46-4B3C-9D14-4F1114E93F90}.Release|x86.Build.0 = Release|Win32
		{8C8DB42B-7E7A-4AF6-A62C-869714618029}.Debug|x64.ActiveCfg = Debug|x64
		{8C8DB42B-7E7A-4AF6-A62C-869714618029}.Debug|x64.Build.0 = Debug|x64
		{8C8DB42B-7E7A-4AF6-A62C-869714618029}.Debug|x86.ActiveCfg = Debug|Win32
		{8C8DB42B-7E7A-4AF6-A62C-869714618029}.Debug|x86.Build.0 = Debug|Win32
		{8C8DB42B-7E7A-4AF6-A62C-869714618029}.Release|x64.ActiveCfg = Release|x64
		{8C8DB42B-7E7A-4AF6-A62C-869714618029}.Release|x64.Build.0 = Release|x64
		{8C8DB42B-7E7A-4AF6-A62C-869714618029}.Release|x86.ActiveCfg = Release|Win32
		{8C8DB42B-7E7A-4AF6-A62C-869714618029}.Release|x86.Build.0 = Release|Win32
		{6CE831E9-6E3E-4076-A084-C16E94D1BCB9}.Debug|x64.ActiveCfg = Debug|x64
		{6CE831E9-6E3E-4076-A084-C16E94D1BCB9}.Debug|x64.Build.0 = Debug|x64
		{6CE831E9-6E3E-4076-A084-C16E94D1BCB9}.Debug|x86.ActiveCfg = Debug|Win32
		{6CE831E9-6E3E-4076-A084-C16E94D1BCB9}.Debug|x86.Build.0 = Debug|Win32
		{6CE831E9-6E3E-4076-A084-C16E94D1BCB9}.Release|x64.ActiveCfg = Release|x64
		{6CE831E9-6E3E-4076-A084-C16E94D1BCB9}.Release|x64.Build.0 = Release|x64
		{6CE831E9-6E3E-4076-A084-C16E94D1BCB9}.Release|x86.ActiveCfg = Release|Win32
		{6CE831E9-6E3E-4076-A084-C16E94D1BCB9}.Release|x86.Build.0 = Release|Win32
		{7F861A14-F649-4D38-A7B1-2B593400D1D1}.Debug|x64.ActiveCfg = Debug|x64
		{7F861A14-F649-4D38-A7B1-2B593400D1D1}.Debug|x64.Build.0 = Debug|x64
		{7F861A14-F649-4D38-A7B1-2B593400D1D1}.Debug|x86.ActiveCfg = Debug|Win32
		{7F861A14-F649-4D38-A7B1-2B593400D1D1}.Debug|x86.Build.0 = Debug|Win32
		{7F861A14-F649-4D38-A7B1-2B593400D1D1}.Release|x64.ActiveCfg = Release|x64
		{7F861A14-F649-4D38-A7B1-2B593400D1D1}.Release|x64.Build.0 = Release|x64
		{7F861A14-F649-4D38-A7B1-2B593400D1D1}.Release|x86.ActiveCfg = Release|Win32
		{7F861A14-F649-4D38-A7B1-2B593400D1D1}.Release|x86.Build.0 = Release|Win32
		{059DC3E6-ED5F-4F47-84D6-F506B8CE4A3F}.Debug|x64.ActiveCfg = Debug|x64
		{059DC3E6-ED5F-4F47-84D6-F506B8CE4A3F}.Debug|x64.Build.0 = Debug|x64
		{059DC3E6-ED5F-4F47-84D6-F506B8CE4A3F}.Debug|x86.ActiveCfg = Debug|Win32
		{059DC3E6-ED5F-4F47-84D6-F506B8CE4A3F}.Debug|x86.Build.0 = Debug|Win32
		{059DC3E6-ED5F-4F47-84D6-F506B8CE4A3F}.Release|x64.ActiveCfg = Release|x64
		{059DC3E6-ED5F-4F47-84D6-F506B8CE4A3F}.Release|x64.Build.0 = Release|x64
		{059DC3E6-ED5F-4F47-84D6-F506B8CE4A3F}.Release|x86.ActiveCfg = Release|Win32
		{059DC3E6-ED5F-4F47-84D6-F506B8CE4A3F}.Release|x86.Build.0 = Release|Win32
		{C54E5FF4-905F-4ADF-8073-9F9043F546FD}.Debug|x64.ActiveCfg = Debug|x64
		{C54E5FF4-905F-4ADF-8073-9F9043F546FD}.Debug|x64.Build.0 = Debug|x64
		{C54E5FF4-905F-4ADF-8073-9F9043F546FD}.Debug|x86.ActiveCfg = Debug|Win32
		{C54E5FF4-905F-4ADF-8073-9F9043F546FD}.Debug|x86.Build.0 = Debug|Win32
		{C54E5FF4-905F-4ADF-8073-9F9043F546FD}.Release|x64.ActiveCfg = Release|x64
		{C54E5FF4-905F-4ADF-8073-9F9043F546FD}.Release|x64.Build.0 = Release|x64
		{C54E5FF4-905F-4ADF-8073-9F9043F546FD}.Release|x86.ActiveCfg = Release|Win32
		{C54E5FF4-905F-4ADF-8073-9F9043F546FD}.Release|x86.Build.0 = Release|Win32
		{4F9600C8-2EB2-481C-B00B-89E01AECF10A}.Debug|x64.ActiveCfg = Debug|x64
		{4F9600C8-2EB2-481C-B00B-89E01AECF10A}.Debug|x64.Build.0 = Debug|x64
		{4F9600C8-2EB2-481C-B00B-89E01AECF10A}.Debug|x86.ActiveCfg = Debug|Win32
		{4F9600C8-2EB2-481C-B00B-89E01AECF10A}.Debug|x86.Build.0 = Debug|Win32
		{4F9600C8-2EB2-481C-B00B-89E01AECF10A}.Release|x64.ActiveCfg = Release|x64
		{4F9600C8-2EB2-481C-B00B-89E01AECF10A}.Release|x64.Build.0 = Release|x64
		{4F9600C8-2EB2-481C-B00B-89E01AECF10A}.Release|x86.ActiveCfg = Release|Win32
		{4F9600C8-2EB2-481C-B00B-89E01AECF10A}.Release|x86.Build.0 = Release|Win32
		{E3332581-DECA-4597-99EB-9B1C445FCC71}.Debug|x64.ActiveCfg = Debug|x64
		{E3332581-DECA-4597-99EB-9B1C445FCC71}.Debug|x64.Build.0 = Debug|x64
		{E3332581-DECA-4597-99EB-9B1C445FCC71}.Debug|x86.ActiveCfg = Debug|Win32
		{E3332581-DECA-4597-99EB-9B1C445FCC71}.Debug|x86.Build.0 = Debug|Win32
		{E3332581-DECA-4597-99EB-9B1C445FCC71}.Release|x64.ActiveCfg = Release|x64
		{E3332581-DECA-4597-99EB-9B1C445FCC71}.Release|x64.Build.0 = Release|x64
		{E3332581-DECA-4597-99EB-9B1C445FCC71}.Release|x86.ActiveCfg = Release|Win32
		{E3332581-DECA-4597-99EB-9B1C445FCC71}.Release|x86.Build.0 = Release|Win32
		{2B7FC249-633C-4AF7-B7A4-7269DF824504}.Debug|x64.ActiveCfg = Debug|x64
		{2B7FC249-633C-4AF7-B7A4-7269DF824504}.Debug|x64.Build.0 = Debug|x64
		{2B7FC249-633C-4AF7-B7A4-7269DF824504}.Debug|x86.ActiveCfg = Debug|Win32
		{2B7FC249-633C-4AF7-B7A4-7269DF824504}.Debug|x86.Build.0 = Debug|Win32
		{2B7FC249-633C-4AF7-B7A4-7269DF824504}.Release|x64.ActiveCfg = Release|x64
		{2B7FC249-633C-4AF7-B7A4-7269DF824504}.Release|x64.Build.0 = Release|x64
		{2B7FC249-633C-4AF7-B7A4-7269DF824504}.Release|x86.ActiveCfg = Release|Win32
		{2B7FC249-633C-4AF7-B7A4-7269DF824504}.Release|x86.Build.0 = Release|Win32
		{E7CE2F13-5CEA-4F91-BF53-E86A2C255FA3}.Debug|x64.ActiveCfg = Debug|x64
		{E7CE2F13-5CEA-4F91-BF53-E86A2C255FA3}.Debug|x64.Build.0 = Debug|x64
		{E7CE2F13-5CEA-4F91-BF53-E86A2C255FA3}.Debug|x86.ActiveCfg = Debug|Win32
		{E7CE2F13-5CEA-4F91-BF53-E86A2C255FA3}.Debug|x86.Build.0 = Debug|Win32
		{E7CE2F13-5CEA-4F91-BF53-E86A2C255FA3}.Release|x64.ActiveCfg = Release|x64
		{E7CE2F13-5CEA-4F91-BF53-E86A2C255FA3}.Release|x64.Build.0 = Release|x64
		{E7CE2F13-5CEA-4F91-BF53-E86A2C255FA3}.Release|x86.ActiveCfg = Release|Win32
		{E7CE2F13-5CEA-4F91-BF53-E86A2C255FA3}.Release|x86.Build.0 = Release|Win32
		{FDAE8465-AEDA-4E9C-B5DD-FAC9D1CC88EE}.Debug|x64.ActiveCfg = Debug|x64
		{FDAE8465-AEDA-4E9C-B5DD-FAC9D1CC88EE}.Debug|x64.Build.0 = Debug|x64
		{FDAE8465-AEDA-4E9C-B5DD-FAC9D1CC88EE}.Debug|x86.ActiveCfg = Debug|Win32
		{FDAE8465-AEDA-4E9C-B5DD-FAC9D1CC88EE}.Debug|x86.Build.0 = Debug|Win32
		{FDAE8465-AEDA-4E9C-B5DD-FAC9D1CC88EE}.Release|x64.ActiveCfg = Release|x64
		{FDAE8465-AEDA-4E9C-B5DD-FAC9D1CC88EE}.Release|x64.Build.0 = Release|x64
		{FDAE8465-AEDA-4E9C-B5DD-FAC9D1CC88EE}.Release|x86.ActiveCfg = Release|Win32
		{FDAE8465-AEDA-4E9C-B5DD-FAC9D1CC88EE}.Release|x86.Build.0 = Release|Win32
		{60C06483-F09D-4FBC-9366-5D59E29057CF}.Debug|x64.ActiveCfg = Debug|x64
		{60C06483-F09D-4FBC-9366-5D59E29057CF}.Debug|x64.Build.0 = Debug|x64
		{60C06483-F09D-4FBC-9366-5D59E29057CF}.Debug|x86.ActiveCfg = Debug|Win32
		{60C06483-F09D-4FBC-9366-5D59E29057CF}.Debug|x86.Build.0 = Debug|Win32
		{60C06483-F09D-4FBC-9366-5D59E29057CF}.Release|x64.ActiveCfg = Release|x64
		{60C06483-F09D-4FBC-9366-5D59E29057CF}.Release|x64.Build.0 = Release|x64
		{60C06483-F09D-4FBC-9366-5D59E29057CF}.Release|x86.ActiveCfg = Release|Win32
		{60C06483-F09D-4FBC-9366-5D59E29057CF}.Release|x86.Build.0 = Release|Win32
		{481D603E-8C20-46E6-B6E5-55E4B2ED8D77}.Debug|x64.ActiveCfg = Debug|x64
		{481D603E-8C20-46E6-B6E5-55E4B2ED8D77}.Debug|x64.Build.0 = Debug|x64
		{481D603E-8C20-46E6-B6E5-55E4B2ED8D77}.Debug|x86.ActiveCfg = Debug|Win32
		{481D603E-8C20-46E6-B6E5-55E4B2ED8D77}.Debug|x86.Build.0 = Debug|Win32
		{481D603E-8C20-46E6-B6E5-55E4B2ED8D77}.Release|x64.ActiveCfg = Release|x64
		{481D603E-8C20-46E6-B6E5-55E4B2ED8D77}.Release|x64.Build.0 = Release|x64
		{481D603E-8C20-46E6-B6E5-55E4B2ED8D77}.Release|x86.ActiveCfg = Release|Win32
		{481D603E-8C20-46E6-B6E5-55E4B2ED8D77}.Release|x86.Build.0 = Release|Win32
		{8965EAE5-C9E2-4AD4-857C-3D0306FB2206}.Debug|x64.ActiveCfg = Debug|x64
		{8965EAE5-C9E2-4AD4-857C-3D0306FB2206}.Debug|x64.Build.0 = Debug|x64
		{8965EAE5-C9E2-4AD4-857C-3D0306FB2206}.Debug|x86.ActiveCfg = Debug|Win32
		{8965EAE5-C9E2-4AD4-857C-3D0306FB2206}.Debug|x86.Build.0 = Debug|Win32
		{8965EAE5-C9E2-4AD4-857C-3D0306FB2206}.Release|x64.ActiveCfg = Release|x64
		{8965EAE5-C9E2-4AD4-857C-3D0306FB2206}.Release|x64.Build.0 = Release|x64
		{8965EAE5-C9E2-4AD4-857C-3D0306FB2206}.Release|x86.ActiveCfg = Release|Win32
		{8965EAE5-C9E2-4AD4-857C-3D0306FB2206}.Release|x86.Build.0 = Release|Win32
		{9AE03AE7-61C9-4873-AEFA-D95544252033}.Debug|x64.ActiveCfg = Debug|x64
		{9AE03AE7-61C9-4873-AEFA-D95544252033}.Debug|x64.Build.0 = Debug|x64
		{9AE03AE7-61C9-4873-AEFA-D95544252033}.Debug|x86.ActiveCfg = Debug|Win32
		{9AE03AE7-61C9-4873-AEFA-D95544252033}.Debug|x86.Build.0 = Debug|Win32
		{9AE03AE7-61C9-4873-AEFA-D95544252033}.Release|x64.ActiveCfg = Release|x64
		{9AE03AE7-61C9-4873-AEFA-D95544252033}.Release|x64.Build.0 = Release|x64
		{9AE03AE7-61C9-4873-AEFA-D95544252033}.Release|x86.ActiveCfg = Release|Win32
		{9AE03AE7-61C9-4873-AEFA-D95544252033}.Release|x86.Build.0 = Release|Win32
		{91C85217-A419-415D-84D6-F9AE8986A2BE}.Debug|x64.ActiveCfg = Debug|x64
		{91C85217-A419-415D-84D6-F9AE8986A2BE}.Debug|x64.Build.0 = Debug|x64
		{91C85217-A419-415D-84D6-F9AE8986A2BE}.Debug|x86.ActiveCfg = Debug|Win32
		{91C85217-A419-415D-84D6-F9AE8986A2BE}.Debug|x86.Build.0 = Debug|Win32
		{91C85217-A419-415D-84D6-F9AE8986A2BE}.Release|x64.ActiveCfg = Release|x64
		{91C85217-A419-415D-84D6-F9AE8986A2BE}.Release|x64.Build.0 = Release|x64
		{91C85217-A419-415D-84D6-F9AE8986A2BE}.Release|x86.ActiveCfg = Release|Win32
		{91C85217-A419-415D-84D6-F9AE8986A2BE}.Release|x86.Build.0 = Release|Win32
		{60411846-F62D-4F8C-AF8C-1C94AA5A737E}.Debug|x64.ActiveCfg = Debug|x64
		{60411846-F62D-4F8C-AF8C-1C94AA5A737E}.Debug|x64.Build.0 = Debug|x64
		{60411846-F62D-4F8C-AF8C-1C94AA5A737E}.Debug|x86.ActiveCfg = Debug|Win32
		{60411846-F62D-4F8C-AF8C-1C94AA5A737E}.Debug|x86.Build.0 = Debug|Win32
		{60411846-F62D-4F8C-AF8C-1C94AA5A737E}.Release|x64.ActiveCfg = Release|x64
		{60411846-F62D-4F8C-AF8C-1C94AA5A737E}.Release|x64.Build.0 = Release|x64
		{60411846-F62D-4F8C-AF8C-1C94AA5A737E}.Release|x86.ActiveCfg = Release|Win32
		{60411846-F62D-4F8C-AF8C-1C94AA5A737E}.Release|x86.Build.0 = Release|Win32
		{227797C3-A0AB-4A00-8DFB-2A86A3C67143}.Debug|x64.ActiveCfg = Debug|x64
		{227797C3-A0AB-4A00-8DFB-2A86A3C67143}.Debug|x64.Build.0 = Debug|x64
		{227797C3-A0AB-4A00-8DFB-2A86A3C67143}.Debug|x86.ActiveCfg = Debug|Win32
		{227797C3-A0AB-4A00-8DFB-2A86A3C67143}.Debug|x86.Build.0 = Debug|Win32
		{227797C3-A0AB-4A00-8DFB-2A86A3C67143}.Release|x64.ActiveCfg = Release|x64
		{227797C3-A0AB-4A00-8DFB-2A86A3C67143}.Release|x64.Build.0 = Release|x64
		{227797C3-A0AB-4A00-8DFB-2A86A3C67143}.Release|x86.ActiveCfg = Release|Win32
		{227797C3-A0AB-4A00-8DFB-2A86A3C67143}.Release|x86.Build.0 = Release|Win32
		{ACF87B8F-87E2-43CD-A70B-432F7C585D89}.Debug|x64.ActiveCfg = Debug|x64
		{ACF87B8F-87E2-43CD-A70B-432F7C585D89}.Debug|x64.Build.0 = Debug|x64
		{ACF87B8F-87E2-43CD-A70B-432F7C585D89}.Debug|x86.ActiveCfg = Debug|Win32
		{ACF87B8F-87E2-43CD-A70B-432F7C585D89}.Debug|x86.Build.0 = Debug|Win32
		{ACF87B8F-87E2-43CD-A70B-432F7C585D89}.Release|x64.ActiveCfg = Release|x64
		{ACF87B8F-87E2-43CD-A70B-432F7C585D89}.Release|x64.Build.0 = Release|x64
		{ACF87B8F-87E2-43CD-A70B-432F7C585D89}.Release|x86.ActiveCfg = Release|Win32
		{ACF87B8F-87E2-43CD-A70B-432F7C585D89}.Release|x86.Build.0 = Release|Win32
		{6871DD72-CD3D-440B-B8D2-F6D0B3D120C2}.Debug|x64.ActiveCfg = Debug|x64
		{6871DD72-CD3D-440B-B8D2-F6D0B3D120C2}.Debug|x64.Build.0 = Debug|x64
		{6871DD72-CD3D-440B-B8D2-F6D0B3D120C2}.Debug|x86.ActiveCfg = Debug|Win32
		{6871DD72-CD3D-440B-B8D2-F6D0B3D120C2}.Debug|x86.Build.0 = Debug|Win32
		{6871DD72-CD3D-440B-B8D2-F6D0B3D120C2}.Release|x64.ActiveCfg = Release|x64
		{6871DD72-CD3D-440B-B8D2-F6D0B3D120C2}.Release|x64.Build.0 = Release|x64
		{6871DD72-CD3D-440B-B8D2-F6D0B3D120C2}.Release|x86.ActiveCfg = Release|Win32
		{6871DD72-CD3D-440B-B8D2-F6D0B3D120C2}.Release|x86.Build.0 = Release|Win32
		{A353C823-206A-40EC-B279-E076D136AB74}.Debug|x64.ActiveCfg = Debug|x64
		{A353C823-206A-40EC-B279-E076D136AB74}.Debug|x64.Build.0 = Debug|x64
		{A353C823-206A-40EC-B279-E076D136AB74}.Debug|x86.ActiveCfg = Debug|Win32
		{A353C823-206A-40EC-B279-E076D136AB74}.Debug|x86.Build.0 = Debug|Win32
		{A353C823-206A-40EC-B279-E076D136AB74}.Release|x64.ActiveCfg = Release|x64
		{A353C823-206A-40EC-B279-E076D136AB74}.Release|x64.Build.0 = Release|x64
		{A353C823-206A-40EC-B279-E076D136AB74}.Release|x86.ActiveCfg = Release|Win32
		{A353C823-206A-40EC-B279-E076D136AB74}.Release|x86.Build.0 = Release|Win32
		{E0576649-1BAD-4C11-9DA6-4617EF0ECE4F}.Debug|x64.ActiveCfg = Debug|x64
		{E0576649-1BAD-4C11-9DA6-4617EF0ECE4F}.Debug|x64.Build.0 = Debug|x64
		{E0576649-1BAD-4C11-9DA6-4617EF0ECE4F}.Debug|x86.ActiveCfg = Debug|Win32
		{E0576649-1BAD-4C11-9DA6-4617EF0ECE4F}.Debug|x86.Build.0 = Debug|Win32
		{E0576649-1BAD-4C11-9DA6-4617EF0ECE4F}.Release|x64.ActiveCfg = Release|x64
		{E0576649-1BAD-4C11-9DA6-4617EF0ECE4F}.Release|x64.Build.0 = Release|x64
		{E0576649-1BAD-4C11-9DA6-4617EF0ECE4F}.Release|x86.ActiveCfg = Release|Win32
		{E0576649-1BAD-4C11-9DA6-4617EF0ECE4F}.Release|x86.Build.0 = Release|Win32
		{59CC4EC3-6124-4EB4-98C1-5631858F3304}.Debug|x64.ActiveCfg = Debug|x64
		{59CC4EC3-6124-4EB4-98C1-5631858F3304}.Debug|x64.Build.0 = Debug|x64
		{59CC4EC3-6124-4EB4-98C1-5631858F3304}.Debug|x86.ActiveCfg = Debug|Win32
		{59CC4EC3-6124-4EB4-98C1-5631858F3304}.Debug|x86.Build.0 = Debug|Win32
		{59CC4EC3-6124-4EB4-98C1-5631858F3304}.Release|x64.ActiveCfg = Release|x64
		{59CC4EC3-6124-4EB4-98C1-5631858F3304}.Release|x64.Build.0 = Release|x64
		{59CC4EC3-6124-4EB4-98C1-5631858F3304}.Release|x86.ActiveCfg = Release|Win32
		{59CC4EC3-6124-4EB4-98C1-5631858F3304}.Release|x86.Build.0 = Release|Win32
		{1AFDAD19-E125-474A-B4A0-35861B4A6DE3}.Debug|x64.ActiveCfg = Debug|x64
		{1AFDAD19-E125-474A-B4A0-35861B4A6DE3}.Debug|x64.Build.0 = Debug|x64
		{1AFDAD19-E125-474A-B4A0-35861B4A6DE3}.Debug|x86.ActiveCfg = Debug|Win32
		{1AFDAD19-E125-474A-B4A0-35861B4A6DE3}.Debug|x86.Build.0 = Debug|Win32
		{1AFDAD19-E125-474A-B4A0-35861B4A6DE3}.Release|x64.ActiveCfg = Release|x64
		{1AFDAD19-E125-474A-B4A0-35861B4A6DE3}.Release|x64.Build.0 = Release|x64
		{1AFDAD19-E125-474A-B4A0-35861B4A6DE3}.Release|x86.ActiveCfg = Release|Win32
		{1AFDAD19-E125-474A-B4A0-35861B4A6DE3}.Release|x86.Build.0 = Release|Win32
		{7D394254-895B-4264-9C47-55C47776F3CE}.Debug|x64.ActiveCfg = Debug|x64
		{7D394254-895B-4264-9C47-55C47776F3CE}.Debug|x64.Build.0 = Debug|x64
		{7D394254-895B-4264-9C47-55C47776F3CE}.Debug|x86.ActiveCfg = Debug|Win32
		{7D394254-895B-4264-9C47-55C47776F3CE}.Debug|x86.Build.0 = Debug|Win32
		{7D394254-895B-4264-9C47-55C47776F3CE}.Release|x64.ActiveCfg = Release|x64
		{7D394254-895B-4264-9C47-55C47776F3CE}.Release|x64.Build.0 = Release|x64
		{7D394254-895B-4264-9C47-55C47776F3CE}.Release|x86.ActiveCfg = Release|Win32
		{7D394254-895B-4264-9C47-55C47776F3CE}.Release|x86.Build.0 = Release|Win32
		{DED4CF0C-E686-48AF-A148-3D6F2E60D562}.Debug|x64.ActiveCfg = Debug|x64
		{DED4CF0C-E686-48AF-A148-3D6F2E60D562}.Debug|x64.Build.0 = Debug|x64
		{DED4CF0C-E686-48AF-A148-3D6F2E60D562}.Debug|x86.ActiveCfg = Debug|Win32
		{DED4CF0C-E686-48AF-A148-3D6F2E60D562}.Debug|x86.Build.0 = Debug|Win32
		{DED4CF0C-E686-48AF-A148-3D6F2E60D562}.Release|x64.ActiveCfg = Release|x64
		{DED4CF0C-E686-48AF-A148-3D6F2E60D562}.Release|x64.Build.0 = Release|x64
		{DED4CF0C-E686-48AF-A148-3D6F2E60D562}.Release|x86.ActiveCfg = Release|Win32
		{DED4CF0C-E686-48AF-A148-3D6F2E60D562}.Release|x86.Build.0 = Release|Win32
		{8232C494-3823-45E9-BAD7-443127450AE2}.Debug|x64.ActiveCfg = Debug|x64
		{8232C494-3823-45E9-BAD7-443127450AE2}.Debug|x64.Build.0 = Debug|x64
		{8232C494-3823-45E9-BAD7-443127450AE2}.Debug|x86.ActiveCfg = Debug|Win32
		{8232C494-3823-45E9-BAD7-443127450AE2}.Debug|x86.Build.0 = Debug|Win32
		{8232C494-3823-45E9-BAD7-443127450AE2}.Release|x64.ActiveCfg = Release|x64
		{8232C494-3823-45E9-BAD7-443127450AE2}.Release|x64.Build.0 = Release|x64
		{8232C494-3823-45E9-BAD7-443127450AE2}.Release|x86.ActiveCfg = Release|Win32
		{8232C494-3823-45E9-BAD7-443127450AE2}.Release|x86.Build.0 = Release|Win32
	EndGlobalSection
	GlobalSection(SolutionProperties) = preSolution
		HideSolutionNode = FALSE
	EndGlobalSection
	GlobalSection(NestedProjects) = preSolution
		{7854906D-20F6-447A-81A2-036959C2AC03} = {02EA681E-C7D8-13C7-8484-4AC65E1B71E8}
		{66F1A102-7E5A-4B71-95FD-C861AC0969B7} = {02EA681E-C7D8-13C7-8484-4AC65E1B71E8}
		{C7E5B1C1-3E93-45B1-BADC-9278B3FDDF31} = {02EA681E-C7D8-13C7-8484-4AC65E1B71E8}
		{2E14831C-73AF-4346-87AC-71A5A3E6A123} = {02EA681E-C7D8-13C7-8484-4AC65E1B71E8}
		{F05EB718-8FA0-45F7-833D-768569112FDE} = {02EA681E-C7D8-13C7-8484-4AC65E1B71E8}
		{F2E09A24-A8F5-4CBB-B17D-527ADBCD4E7A} = {02EA681E-C7D8-13C7-8484-4AC65E1B71E8}
		{F17B5C61-AAC7-45A0-A80B-6F5245A978AE} = {A718D03B-2735-4CD5-86BB-4C65D5370D1E}
		{DF2FA7EE-1C6E-4AD8-9B20-8F3F5D31D2F3} = {A718D03B-2735-4CD5-86BB-4C65D5370D1E}
		{4C75DBCD-23C4-48F6-A813-6457B6F6EFBE} = {A718D03B-2735-4CD5-86BB-4C65D5370D1E}
		{A3806A4D-2259-412F-BC5D-277190837CBF} = {A718D03B-2735-4CD5-86BB-4C65D5370D1E}
		{CDE9DB1B-B74F-4FB0-8757-F148AAA1E656} = {A718D03B-2735-4CD5-86BB-4C65D5370D1E}
		{041D363C-2D37-4A33-B35C-042BE87BBF22} = {A718D03B-2735-4CD5-86BB-4C65D5370D1E}
		{2A021B32-76B7-4717-9F37-E6472C24C106} = {8368240F-1C41-4A66-9544-E17BBCE2D244}
		{EBEF5AA9-1060-4BD9-8DF3-34B381A24D7F} = {8368240F-1C41-4A66-9544-E17BBCE2D244}
		{D02BA4B2-F42F-4244-8D32-0737DA8DB4DC} = {8368240F-1C41-4A66-9544-E17BBCE2D244}
		{160EECDB-2D68-4331-A906-9FB86B973E92} = {8368240F-1C41-4A66-9544-E17BBCE2D244}
		{8030EC09-BA46-4B3C-9D14-4F1114E93F90} = {8368240F-1C41-4A66-9544-E17BBCE2D244}
		{8C8DB42B-7E7A-4AF6-A62C-869714618029} = {8368240F-1C41-4A66-9544-E17BBCE2D244}
		{6CE831E9-6E3E-4076-A084-C16E94D1BCB9} = {AD9F1BE1-A698-44A6-AD97-EFE43F122D11}
		{7F861A14-F649-4D38-A7B1-2B593400D1D1} = {AD9F1BE1-A698-44A6-AD97-EFE43F122D11}
		{059DC3E6-ED5F-4F47-84D6-F506B8CE4A3F} = {AD9F1BE1-A698-44A6-AD97-EFE43F122D11}
		{C54E5FF4-905F-4ADF-8073-9F9043F546FD} = {8225770E-62D6-4300-B01C-F84BB65A3C25}
		{4F9600C8-2EB2-481C-B00B-89E01AECF10A} = {8225770E-62D6-4300-B01C-F84BB65A3C25}
		{E3332581-DECA-4597-99EB-9B1C445FCC71} = {41BDE1E7-AB92-4F14-8272-8E899B9F151E}
		{2B7FC249-633C-4AF7-B7A4-7269DF824504} = {8225770E-62D6-4300-B01C-F84BB65A3C25}
		{E7CE2F13-5CEA-4F91-BF53-E86A2C255FA3} = {8225770E-62D6-4300-B01C-F84BB65A3C25}
		{FDAE8465-AEDA-4E9C-B5DD-FAC9D1CC88EE} = {2ED1AEFF-289C-4D46-9202-B1FDB89A4A3E}
		{60C06483-F09D-4FBC-9366-5D59E29057CF} = {2ED1AEFF-289C-4D46-9202-B1FDB89A4A3E}
		{481D603E-8C20-46E6-B6E5-55E4B2ED8D77} = {2ED1AEFF-289C-4D46-9202-B1FDB89A4A3E}
		{8965EAE5-C9E2-4AD4-857C-3D0306FB2206} = {2ED1AEFF-289C-4D46-9202-B1FDB89A4A3E}
		{9AE03AE7-61C9-4873-AEFA-D95544252033} = {2ED1AEFF-289C-4D46-9202-B1FDB89A4A3E}
		{91C85217-A419-415D-84D6-F9AE8986A2BE} = {9E02D784-545B-45F1-B0ED-46165D3A98C9}
		{60411846-F62D-4F8C-AF8C-1C94AA5A737E} = {9E02D784-545B-45F1-B0ED-46165D3A98C9}
		{227797C3-A0AB-4A00-8DFB-2A86A3C67143} = {E634A871-F10A-41D2-84BE-3B35FAC50672}
		{ACF87B8F-87E2-43CD-A70B-432F7C585D89} = {E634A871-F10A-41D2-84BE-3B35FAC50672}
		{6871DD72-CD3D-440B-B8D2-F6D0B3D120C2} = {E634A871-F10A-41D2-84BE-3B35FAC50672}
		{A353C823-206A-40EC-B279-E076D136AB74} = {E634A871-F10A-41D2-84BE-3B35FAC50672}
		{E0576649-1BAD-4C11-9DA6-4617EF0ECE4F} = {E634A871-F10A-41D2-84BE-3B35FAC50672}
		{59CC4EC3-6124-4EB4-98C1-5631858F3304} = {E634A871-F10A-41D2-84BE-3B35FAC50672}
		{1AFDAD19-E125-474A-B4A0-35861B4A6DE3} = {E634A871-F10A-41D2-84BE-3B35FAC50672}
		{7D394254-895B-4264-9C47-55C47776F3CE} = {E634A871-F10A-41D2-84BE-3B35FAC50672}
		{DED4CF0C-E686-48AF-A148-3D6F2E60D562} = {09B66FB5-B899-45F2-A096-482E86BB79BC}
		{8232C494-3823-45E9-BAD7-443127450AE2} = {09B66FB5-B899-45F2-A096-482E86BB79BC}
	EndGlobalSection
	GlobalSection(ExtensibilityGlobals) = postSolution
		SolutionGuid = {5E76048F-3477-49F3-A49E-CDEAABEFDA94}
	EndGlobalSection
EndGlobal
