
Microsoft Visual Studio Solution File, Format Version 12.00
# Visual Studio Version 17
VisualStudioVersion = 17.14.36127.28
MinimumVisualStudioVersion = 10.0.40219.1
Project("{8BC9CEB8-8B4A-11D0-8D11-00A0C91BC942}") = "01 - Big O(1) - Constant Time Function", "01 - Big O(1) - Constant Time Function\01 - Big O(1) - Constant Time Function.vcxproj", "{952FCBA2-9E42-4224-85E5-538853FC269B}"
EndProject
Project("{8BC9CEB8-8B4A-11D0-8D11-00A0C91BC942}") = "02 - Big O(n) - Linear Time Function", "02 - Big O(n) - Linear Time Function\02 - Big O(n) - Linear Time Function.vcxproj", "{0F4CAC88-69FF-4CCC-9761-78986DC9D6FC}"
EndProject
Project("{8BC9CEB8-8B4A-11D0-8D11-00A0C91BC942}") = "03 - Big O(n^2) - Quadratic Time Function", "03 - Big O(n^2) - Quadratic Time Function\03 - Big O(n^2) - Quadratic Time Function.vcxproj", "{73EA2FA1-7F5A-4076-85E8-88D9F21C9B28}"
EndProject
Project("{8BC9CEB8-8B4A-11D0-8D11-00A0C91BC942}") = "04 - Big O (log n) - Logarithmic Time Function", "04 - Big O (log n) - Logarithmic Time Function\04 - Big O (log n) - Logarithmic Time Function.vcxproj", "{A7FA395C-9FDB-4CCF-8B54-97E5B9B38C4E}"
EndProject
Project("{8BC9CEB8-8B4A-11D0-8D11-00A0C91BC942}") = "05 - Important Question about Big O(n)", "05 - Important Question about Big O(n)\05 - Important Question about Big O(n).vcxproj", "{0AC59342-E0B2-4CA7-A82E-B06B4825B2D9}"
EndProject
Project("{8BC9CEB8-8B4A-11D0-8D11-00A0C91BC942}") = "06 - Array Data Structure", "06 - Array Data Structure\06 - Array Data Structure.vcxproj", "{109AA8CE-BBB9-440E-B86B-F45CCE409013}"
EndProject
Project("{8BC9CEB8-8B4A-11D0-8D11-00A0C91BC942}") = "07 - Matrix Data Structure", "07 - Matrix Data Structure\07 - Matrix Data Structure.vcxproj", "{FCDD38EB-FDD7-4300-8A82-75E793344A8A}"
EndProject
Project("{8BC9CEB8-8B4A-11D0-8D11-00A0C91BC942}") = "08 - STL & Stack", "08 - STL & Stack\08 - STL & Stack.vcxproj", "{13B6FAFD-1312-41DF-816F-7E1CB6A578F0}"
EndProject
Project("{8BC9CEB8-8B4A-11D0-8D11-00A0C91BC942}") = "09 - Vector Data Structure", "09 - Vector Data Structure\09 - Vector Data Structure.vcxproj", "{C84B02FE-DB83-47A2-A25F-5808EC1A0C4F}"
EndProject
Project("{8BC9CEB8-8B4A-11D0-8D11-00A0C91BC942}") = "10 - Queue Data Structure", "10 - Queue Data Structure\10 - Queue Data Structure.vcxproj", "{8C13FABC-E7A9-4FBA-BF0B-B64C079176EE}"
EndProject
Project("{8BC9CEB8-8B4A-11D0-8D11-00A0C91BC942}") = "11 - Singly Linked List", "11 - Singly Linked List\11 - Singly Linked List.vcxproj", "{99E4297E-538D-4FDA-8D94-838EA19E43D8}"
EndProject
Project("{8BC9CEB8-8B4A-11D0-8D11-00A0C91BC942}") = "12 - Doubly Linked List", "12 - Doubly Linked List\12 - Doubly Linked List.vcxproj", "{4C8D7A12-8B84-4FA3-8B58-9D877D707320}"
EndProject
Project("{8BC9CEB8-8B4A-11D0-8D11-00A0C91BC942}") = "13 - MAP", "13 - MAP\13 - MAP.vcxproj", "{1C75FFA6-8966-4C15-B4FC-248199DAD091}"
EndProject
Global
	GlobalSection(SolutionConfigurationPlatforms) = preSolution
		Debug|x64 = Debug|x64
		Debug|x86 = Debug|x86
		Release|x64 = Release|x64
		Release|x86 = Release|x86
	EndGlobalSection
	GlobalSection(ProjectConfigurationPlatforms) = postSolution
		{952FCBA2-9E42-4224-85E5-538853FC269B}.Debug|x64.ActiveCfg = Debug|x64
		{952FCBA2-9E42-4224-85E5-538853FC269B}.Debug|x64.Build.0 = Debug|x64
		{952FCBA2-9E42-4224-85E5-538853FC269B}.Debug|x86.ActiveCfg = Debug|Win32
		{952FCBA2-9E42-4224-85E5-538853FC269B}.Debug|x86.Build.0 = Debug|Win32
		{952FCBA2-9E42-4224-85E5-538853FC269B}.Release|x64.ActiveCfg = Release|x64
		{952FCBA2-9E42-4224-85E5-538853FC269B}.Release|x64.Build.0 = Release|x64
		{952FCBA2-9E42-4224-85E5-538853FC269B}.Release|x86.ActiveCfg = Release|Win32
		{952FCBA2-9E42-4224-85E5-538853FC269B}.Release|x86.Build.0 = Release|Win32
		{0F4CAC88-69FF-4CCC-9761-78986DC9D6FC}.Debug|x64.ActiveCfg = Debug|x64
		{0F4CAC88-69FF-4CCC-9761-78986DC9D6FC}.Debug|x64.Build.0 = Debug|x64
		{0F4CAC88-69FF-4CCC-9761-78986DC9D6FC}.Debug|x86.ActiveCfg = Debug|Win32
		{0F4CAC88-69FF-4CCC-9761-78986DC9D6FC}.Debug|x86.Build.0 = Debug|Win32
		{0F4CAC88-69FF-4CCC-9761-78986DC9D6FC}.Release|x64.ActiveCfg = Release|x64
		{0F4CAC88-69FF-4CCC-9761-78986DC9D6FC}.Release|x64.Build.0 = Release|x64
		{0F4CAC88-69FF-4CCC-9761-78986DC9D6FC}.Release|x86.ActiveCfg = Release|Win32
		{0F4CAC88-69FF-4CCC-9761-78986DC9D6FC}.Release|x86.Build.0 = Release|Win32
		{73EA2FA1-7F5A-4076-85E8-88D9F21C9B28}.Debug|x64.ActiveCfg = Debug|x64
		{73EA2FA1-7F5A-4076-85E8-88D9F21C9B28}.Debug|x64.Build.0 = Debug|x64
		{73EA2FA1-7F5A-4076-85E8-88D9F21C9B28}.Debug|x86.ActiveCfg = Debug|Win32
		{73EA2FA1-7F5A-4076-85E8-88D9F21C9B28}.Debug|x86.Build.0 = Debug|Win32
		{73EA2FA1-7F5A-4076-85E8-88D9F21C9B28}.Release|x64.ActiveCfg = Release|x64
		{73EA2FA1-7F5A-4076-85E8-88D9F21C9B28}.Release|x64.Build.0 = Release|x64
		{73EA2FA1-7F5A-4076-85E8-88D9F21C9B28}.Release|x86.ActiveCfg = Release|Win32
		{73EA2FA1-7F5A-4076-85E8-88D9F21C9B28}.Release|x86.Build.0 = Release|Win32
		{A7FA395C-9FDB-4CCF-8B54-97E5B9B38C4E}.Debug|x64.ActiveCfg = Debug|x64
		{A7FA395C-9FDB-4CCF-8B54-97E5B9B38C4E}.Debug|x64.Build.0 = Debug|x64
		{A7FA395C-9FDB-4CCF-8B54-97E5B9B38C4E}.Debug|x86.ActiveCfg = Debug|Win32
		{A7FA395C-9FDB-4CCF-8B54-97E5B9B38C4E}.Debug|x86.Build.0 = Debug|Win32
		{A7FA395C-9FDB-4CCF-8B54-97E5B9B38C4E}.Release|x64.ActiveCfg = Release|x64
		{A7FA395C-9FDB-4CCF-8B54-97E5B9B38C4E}.Release|x64.Build.0 = Release|x64
		{A7FA395C-9FDB-4CCF-8B54-97E5B9B38C4E}.Release|x86.ActiveCfg = Release|Win32
		{A7FA395C-9FDB-4CCF-8B54-97E5B9B38C4E}.Release|x86.Build.0 = Release|Win32
		{0AC59342-E0B2-4CA7-A82E-B06B4825B2D9}.Debug|x64.ActiveCfg = Debug|x64
		{0AC59342-E0B2-4CA7-A82E-B06B4825B2D9}.Debug|x64.Build.0 = Debug|x64
		{0AC59342-E0B2-4CA7-A82E-B06B4825B2D9}.Debug|x86.ActiveCfg = Debug|Win32
		{0AC59342-E0B2-4CA7-A82E-B06B4825B2D9}.Debug|x86.Build.0 = Debug|Win32
		{0AC59342-E0B2-4CA7-A82E-B06B4825B2D9}.Release|x64.ActiveCfg = Release|x64
		{0AC59342-E0B2-4CA7-A82E-B06B4825B2D9}.Release|x64.Build.0 = Release|x64
		{0AC59342-E0B2-4CA7-A82E-B06B4825B2D9}.Release|x86.ActiveCfg = Release|Win32
		{0AC59342-E0B2-4CA7-A82E-B06B4825B2D9}.Release|x86.Build.0 = Release|Win32
		{109AA8CE-BBB9-440E-B86B-F45CCE409013}.Debug|x64.ActiveCfg = Debug|x64
		{109AA8CE-BBB9-440E-B86B-F45CCE409013}.Debug|x64.Build.0 = Debug|x64
		{109AA8CE-BBB9-440E-B86B-F45CCE409013}.Debug|x86.ActiveCfg = Debug|Win32
		{109AA8CE-BBB9-440E-B86B-F45CCE409013}.Debug|x86.Build.0 = Debug|Win32
		{109AA8CE-BBB9-440E-B86B-F45CCE409013}.Release|x64.ActiveCfg = Release|x64
		{109AA8CE-BBB9-440E-B86B-F45CCE409013}.Release|x64.Build.0 = Release|x64
		{109AA8CE-BBB9-440E-B86B-F45CCE409013}.Release|x86.ActiveCfg = Release|Win32
		{109AA8CE-BBB9-440E-B86B-F45CCE409013}.Release|x86.Build.0 = Release|Win32
		{FCDD38EB-FDD7-4300-8A82-75E793344A8A}.Debug|x64.ActiveCfg = Debug|x64
		{FCDD38EB-FDD7-4300-8A82-75E793344A8A}.Debug|x64.Build.0 = Debug|x64
		{FCDD38EB-FDD7-4300-8A82-75E793344A8A}.Debug|x86.ActiveCfg = Debug|Win32
		{FCDD38EB-FDD7-4300-8A82-75E793344A8A}.Debug|x86.Build.0 = Debug|Win32
		{FCDD38EB-FDD7-4300-8A82-75E793344A8A}.Release|x64.ActiveCfg = Release|x64
		{FCDD38EB-FDD7-4300-8A82-75E793344A8A}.Release|x64.Build.0 = Release|x64
		{FCDD38EB-FDD7-4300-8A82-75E793344A8A}.Release|x86.ActiveCfg = Release|Win32
		{FCDD38EB-FDD7-4300-8A82-75E793344A8A}.Release|x86.Build.0 = Release|Win32
		{13B6FAFD-1312-41DF-816F-7E1CB6A578F0}.Debug|x64.ActiveCfg = Debug|x64
		{13B6FAFD-1312-41DF-816F-7E1CB6A578F0}.Debug|x64.Build.0 = Debug|x64
		{13B6FAFD-1312-41DF-816F-7E1CB6A578F0}.Debug|x86.ActiveCfg = Debug|Win32
		{13B6FAFD-1312-41DF-816F-7E1CB6A578F0}.Debug|x86.Build.0 = Debug|Win32
		{13B6FAFD-1312-41DF-816F-7E1CB6A578F0}.Release|x64.ActiveCfg = Release|x64
		{13B6FAFD-1312-41DF-816F-7E1CB6A578F0}.Release|x64.Build.0 = Release|x64
		{13B6FAFD-1312-41DF-816F-7E1CB6A578F0}.Release|x86.ActiveCfg = Release|Win32
		{13B6FAFD-1312-41DF-816F-7E1CB6A578F0}.Release|x86.Build.0 = Release|Win32
		{C84B02FE-DB83-47A2-A25F-5808EC1A0C4F}.Debug|x64.ActiveCfg = Debug|x64
		{C84B02FE-DB83-47A2-A25F-5808EC1A0C4F}.Debug|x64.Build.0 = Debug|x64
		{C84B02FE-DB83-47A2-A25F-5808EC1A0C4F}.Debug|x86.ActiveCfg = Debug|Win32
		{C84B02FE-DB83-47A2-A25F-5808EC1A0C4F}.Debug|x86.Build.0 = Debug|Win32
		{C84B02FE-DB83-47A2-A25F-5808EC1A0C4F}.Release|x64.ActiveCfg = Release|x64
		{C84B02FE-DB83-47A2-A25F-5808EC1A0C4F}.Release|x64.Build.0 = Release|x64
		{C84B02FE-DB83-47A2-A25F-5808EC1A0C4F}.Release|x86.ActiveCfg = Release|Win32
		{C84B02FE-DB83-47A2-A25F-5808EC1A0C4F}.Release|x86.Build.0 = Release|Win32
		{8C13FABC-E7A9-4FBA-BF0B-B64C079176EE}.Debug|x64.ActiveCfg = Debug|x64
		{8C13FABC-E7A9-4FBA-BF0B-B64C079176EE}.Debug|x64.Build.0 = Debug|x64
		{8C13FABC-E7A9-4FBA-BF0B-B64C079176EE}.Debug|x86.ActiveCfg = Debug|Win32
		{8C13FABC-E7A9-4FBA-BF0B-B64C079176EE}.Debug|x86.Build.0 = Debug|Win32
		{8C13FABC-E7A9-4FBA-BF0B-B64C079176EE}.Release|x64.ActiveCfg = Release|x64
		{8C13FABC-E7A9-4FBA-BF0B-B64C079176EE}.Release|x64.Build.0 = Release|x64
		{8C13FABC-E7A9-4FBA-BF0B-B64C079176EE}.Release|x86.ActiveCfg = Release|Win32
		{8C13FABC-E7A9-4FBA-BF0B-B64C079176EE}.Release|x86.Build.0 = Release|Win32
		{99E4297E-538D-4FDA-8D94-838EA19E43D8}.Debug|x64.ActiveCfg = Debug|x64
		{99E4297E-538D-4FDA-8D94-838EA19E43D8}.Debug|x64.Build.0 = Debug|x64
		{99E4297E-538D-4FDA-8D94-838EA19E43D8}.Debug|x86.ActiveCfg = Debug|Win32
		{99E4297E-538D-4FDA-8D94-838EA19E43D8}.Debug|x86.Build.0 = Debug|Win32
		{99E4297E-538D-4FDA-8D94-838EA19E43D8}.Release|x64.ActiveCfg = Release|x64
		{99E4297E-538D-4FDA-8D94-838EA19E43D8}.Release|x64.Build.0 = Release|x64
		{99E4297E-538D-4FDA-8D94-838EA19E43D8}.Release|x86.ActiveCfg = Release|Win32
		{99E4297E-538D-4FDA-8D94-838EA19E43D8}.Release|x86.Build.0 = Release|Win32
		{4C8D7A12-8B84-4FA3-8B58-9D877D707320}.Debug|x64.ActiveCfg = Debug|x64
		{4C8D7A12-8B84-4FA3-8B58-9D877D707320}.Debug|x64.Build.0 = Debug|x64
		{4C8D7A12-8B84-4FA3-8B58-9D877D707320}.Debug|x86.ActiveCfg = Debug|Win32
		{4C8D7A12-8B84-4FA3-8B58-9D877D707320}.Debug|x86.Build.0 = Debug|Win32
		{4C8D7A12-8B84-4FA3-8B58-9D877D707320}.Release|x64.ActiveCfg = Release|x64
		{4C8D7A12-8B84-4FA3-8B58-9D877D707320}.Release|x64.Build.0 = Release|x64
		{4C8D7A12-8B84-4FA3-8B58-9D877D707320}.Release|x86.ActiveCfg = Release|Win32
		{4C8D7A12-8B84-4FA3-8B58-9D877D707320}.Release|x86.Build.0 = Release|Win32
		{1C75FFA6-8966-4C15-B4FC-248199DAD091}.Debug|x64.ActiveCfg = Debug|x64
		{1C75FFA6-8966-4C15-B4FC-248199DAD091}.Debug|x64.Build.0 = Debug|x64
		{1C75FFA6-8966-4C15-B4FC-248199DAD091}.Debug|x86.ActiveCfg = Debug|Win32
		{1C75FFA6-8966-4C15-B4FC-248199DAD091}.Debug|x86.Build.0 = Debug|Win32
		{1C75FFA6-8966-4C15-B4FC-248199DAD091}.Release|x64.ActiveCfg = Release|x64
		{1C75FFA6-8966-4C15-B4FC-248199DAD091}.Release|x64.Build.0 = Release|x64
		{1C75FFA6-8966-4C15-B4FC-248199DAD091}.Release|x86.ActiveCfg = Release|Win32
		{1C75FFA6-8966-4C15-B4FC-248199DAD091}.Release|x86.Build.0 = Release|Win32
	EndGlobalSection
	GlobalSection(SolutionProperties) = preSolution
		HideSolutionNode = FALSE
	EndGlobalSection
	GlobalSection(ExtensibilityGlobals) = postSolution
		SolutionGuid = {0D2674BB-8476-47E2-A4C0-8CC8172F3ACB}
	EndGlobalSection
EndGlobal
